{
  "object": {
    "pins": [
      {
        "package": "libextobjc",
        "repositoryURL": "https://github.com/SRGSSR/libextobjc.git",
        "state": {
          "branch": "feature/spm-support",
          "revision": "30ee5b73bdf57a826978aa146881277f22369be1",
          "version": null
        }
      },
      {
        "package": "MAKVONotificationCenter",
        "repositoryURL": "https://github.com/SRGSSR/MAKVONotificationCenter.git",
        "state": {
          "branch": "feature/spm-support",
          "revision": "60395e0601ffd4a784856b423d4cac558366276d",
          "version": null
        }
      },
      {
        "package": "SRGLogger",
        "repositoryURL": "https://github.com/SRGSSR/srglogger-apple.git",
        "state": {
          "branch": "feature/spm-support",
          "revision": "9e6d46158e1636da7580143aa0c3097d3d15fa66",
          "version": null
        }
      }
    ]
  },
  "version": 1
}
