{
  "object": {
    "pins": [
      {
        "package": "libextobjc",
        "repositoryURL": "https://github.com/SRGSSR/libextobjc.git",
        "state": {
          "branch": "master",
          "revision": "9c9a7327410fe3f7cdb695965ced43b9a7766ee0",
          "version": null
        }
      },
      {
        "package": "MAKVONotificationCenter",
        "repositoryURL": "https://github.com/SRGSSR/MAKVONotificationCenter.git",
        "state": {
          "branch": "master",
          "revision": "8bde3cdc872085bd31f4cfe546bdf8e6932a0806",
          "version": null
        }
      },
      {
        "package": "SRGLogger",
        "repositoryURL": "https://github.com/SRGSSR/srglogger-apple.git",
        "state": {
          "branch": "feature/ios16-tvos16-xcode14",
          "revision": "36fd041b78224b77d8dd348511dbf6ed8cd88d68",
          "version": null
        }
      }
    ]
  },
  "version": 1
}
