// !$*UTF8*$!
{
	archiveVersion = 1;
	classes = {
	};
	objectVersion = 46;
	objects = {

/* Begin PBXBuildFile section */
		08293A4B1EDC62FC008CE02E /* Accessibility.strings in Resources */ = {isa = PBXBuildFile; fileRef = 08293A4D1EDC62FC008CE02E /* Accessibility.strings */; };
		08D3BEB01DE6EAB100AE1368 /* SRGTracksButton.h in Headers */ = {isa = PBXBuildFile; fileRef = 08D3BEAE1DE6EAB100AE1368 /* SRGTracksButton.h */; settings = {ATTRIBUTES = (Public, ); }; };
		08D3BEB11DE6EAB100AE1368 /* SRGTracksButton.m in Sources */ = {isa = PBXBuildFile; fileRef = 08D3BEAF1DE6EAB100AE1368 /* SRGTracksButton.m */; };
		08D3BEB51DE7671E00AE1368 /* alternate_tracks_button.png in Resources */ = {isa = PBXBuildFile; fileRef = 08D3BEB21DE7671E00AE1368 /* alternate_tracks_button.png */; };
		08D3BEB61DE7671E00AE1368 /* alternate_tracks_button@2x.png in Resources */ = {isa = PBXBuildFile; fileRef = 08D3BEB31DE7671E00AE1368 /* alternate_tracks_button@2x.png */; };
		08D3BEB71DE7671E00AE1368 /* alternate_tracks_button@3x.png in Resources */ = {isa = PBXBuildFile; fileRef = 08D3BEB41DE7671E00AE1368 /* alternate_tracks_button@3x.png */; };
		08D3BEBB1DE7699500AE1368 /* alternate_tracks_button_selected.png in Resources */ = {isa = PBXBuildFile; fileRef = 08D3BEB81DE7699500AE1368 /* alternate_tracks_button_selected.png */; };
		08D3BEBC1DE7699500AE1368 /* alternate_tracks_button_selected@2x.png in Resources */ = {isa = PBXBuildFile; fileRef = 08D3BEB91DE7699500AE1368 /* alternate_tracks_button_selected@2x.png */; };
		08D3BEBD1DE7699500AE1368 /* alternate_tracks_button_selected@3x.png in Resources */ = {isa = PBXBuildFile; fileRef = 08D3BEBA1DE7699500AE1368 /* alternate_tracks_button_selected@3x.png */; };
		08D3BEC01DE8756500AE1368 /* SRGAlternateTracksViewController.h in Headers */ = {isa = PBXBuildFile; fileRef = 08D3BEBE1DE8756400AE1368 /* SRGAlternateTracksViewController.h */; };
		08D3BEC11DE8756500AE1368 /* SRGAlternateTracksViewController.m in Sources */ = {isa = PBXBuildFile; fileRef = 08D3BEBF1DE8756500AE1368 /* SRGAlternateTracksViewController.m */; };
		08F4E53F1E7FE76900C9E8FD /* Localizable.strings in Resources */ = {isa = PBXBuildFile; fileRef = 08F4E5411E7FE76900C9E8FD /* Localizable.strings */; };
		6F0D051B1DB89CF300ED9E4B /* AVAudioSession+SRGMediaPlayer.h in Headers */ = {isa = PBXBuildFile; fileRef = 6F0D05191DB89CF300ED9E4B /* AVAudioSession+SRGMediaPlayer.h */; settings = {ATTRIBUTES = (Public, ); }; };
		6F0D051C1DB89CF300ED9E4B /* AVAudioSession+SRGMediaPlayer.m in Sources */ = {isa = PBXBuildFile; fileRef = 6F0D051A1DB89CF300ED9E4B /* AVAudioSession+SRGMediaPlayer.m */; };
		6F0D051F1DB89E9B00ED9E4B /* UIScreen+SRGMediaPlayer.h in Headers */ = {isa = PBXBuildFile; fileRef = 6F0D051D1DB89E9B00ED9E4B /* UIScreen+SRGMediaPlayer.h */; settings = {ATTRIBUTES = (Public, ); }; };
		6F0D05201DB89E9B00ED9E4B /* UIScreen+SRGMediaPlayer.m in Sources */ = {isa = PBXBuildFile; fileRef = 6F0D051E1DB89E9B00ED9E4B /* UIScreen+SRGMediaPlayer.m */; };
		6F0F2A411EDEFB48001423F4 /* UIWindow+SRGMediaPlayer.h in Headers */ = {isa = PBXBuildFile; fileRef = 6F0F2A3F1EDEFB48001423F4 /* UIWindow+SRGMediaPlayer.h */; };
		6F0F2A421EDEFB48001423F4 /* UIWindow+SRGMediaPlayer.m in Sources */ = {isa = PBXBuildFile; fileRef = 6F0F2A401EDEFB48001423F4 /* UIWindow+SRGMediaPlayer.m */; };
		6F1D6D021DAF50050072C107 /* SRGLogger.framework in Copy Framework Dependencies For Xcode View Rendering */ = {isa = PBXBuildFile; fileRef = 6FA09D791D9E9C1500EDCA64 /* SRGLogger.framework */; };
		6F1D6D031DAF50050072C107 /* libextobjc.framework in Copy Framework Dependencies For Xcode View Rendering */ = {isa = PBXBuildFile; fileRef = E6B0276E1D7EF76700012FDF /* libextobjc.framework */; };
		6F3C6DE01F738173007FB56B /* XCTestCase+MediaPlayerTests.m in Sources */ = {isa = PBXBuildFile; fileRef = 6F3C6DDF1F738173007FB56B /* XCTestCase+MediaPlayerTests.m */; };
		6F5D662E1DAF50E3009AD6DD /* SRGLogger.framework in Frameworks */ = {isa = PBXBuildFile; fileRef = 6FA09D791D9E9C1500EDCA64 /* SRGLogger.framework */; };
		6F5D66451DAFCDF1009AD6DD /* SRGAirplayButton.h in Headers */ = {isa = PBXBuildFile; fileRef = 6F5D66431DAFCDF1009AD6DD /* SRGAirplayButton.h */; settings = {ATTRIBUTES = (Public, ); }; };
		6F5D66461DAFCDF1009AD6DD /* SRGAirplayButton.m in Sources */ = {isa = PBXBuildFile; fileRef = 6F5D66441DAFCDF1009AD6DD /* SRGAirplayButton.m */; };
		6F68E7581DAE0877001F39C4 /* SRGMediaPlayerView+Private.h in Headers */ = {isa = PBXBuildFile; fileRef = 6F68E7561DAE0877001F39C4 /* SRGMediaPlayerView+Private.h */; };
		6F8F08911EE7E20600C54ADA /* NSBundle+Demo.m in Sources */ = {isa = PBXBuildFile; fileRef = 6F8F08901EE7E20600C54ADA /* NSBundle+Demo.m */; };
		6F90A56A1F3C2C9700E42066 /* AVPlayer+SRGMediaPlayer.h in Headers */ = {isa = PBXBuildFile; fileRef = 6F90A5681F3C2C9700E42066 /* AVPlayer+SRGMediaPlayer.h */; };
		6F90A56B1F3C2C9700E42066 /* AVPlayer+SRGMediaPlayer.m in Sources */ = {isa = PBXBuildFile; fileRef = 6F90A5691F3C2C9700E42066 /* AVPlayer+SRGMediaPlayer.m */; };
		6F97C7981E7A89C5001AD9B3 /* ModalTransition.m in Sources */ = {isa = PBXBuildFile; fileRef = 6F97C7971E7A89C5001AD9B3 /* ModalTransition.m */; };
		6FA09D2A1D9E69EE00EDCA64 /* SRGMediaPlayerLogger.h in Headers */ = {isa = PBXBuildFile; fileRef = 6FA09D281D9E69EE00EDCA64 /* SRGMediaPlayerLogger.h */; };
		6FA09D7A1D9E9C1500EDCA64 /* SRGLogger.framework in Copy Frameworks Into Test Bundle */ = {isa = PBXBuildFile; fileRef = 6FA09D791D9E9C1500EDCA64 /* SRGLogger.framework */; settings = {ATTRIBUTES = (CodeSignOnCopy, RemoveHeadersOnCopy, ); }; };
		6FA09D7D1D9E9C4400EDCA64 /* SRGLogger.framework in Frameworks */ = {isa = PBXBuildFile; fileRef = 6FA09D791D9E9C1500EDCA64 /* SRGLogger.framework */; };
		6FA09D7E1D9E9D1400EDCA64 /* SRGLogger.framework in Embed Frameworks */ = {isa = PBXBuildFile; fileRef = 6FA09D791D9E9C1500EDCA64 /* SRGLogger.framework */; settings = {ATTRIBUTES = (CodeSignOnCopy, RemoveHeadersOnCopy, ); }; };
		6FB97FDE1E4A0E080014C4C2 /* MAKVONotificationCenter.framework in Frameworks */ = {isa = PBXBuildFile; fileRef = 6FB97FDD1E4A0E080014C4C2 /* MAKVONotificationCenter.framework */; };
		6FB97FDF1E4A0E1A0014C4C2 /* MAKVONotificationCenter.framework in Copy Frameworks Into Test Bundle */ = {isa = PBXBuildFile; fileRef = 6FB97FDD1E4A0E080014C4C2 /* MAKVONotificationCenter.framework */; settings = {ATTRIBUTES = (CodeSignOnCopy, RemoveHeadersOnCopy, ); }; };
		6FB97FE11E4A0E740014C4C2 /* MAKVONotificationCenter.framework in Frameworks */ = {isa = PBXBuildFile; fileRef = 6FB97FDD1E4A0E080014C4C2 /* MAKVONotificationCenter.framework */; };
		6FB97FE21E4A0E740014C4C2 /* MAKVONotificationCenter.framework in Embed Frameworks */ = {isa = PBXBuildFile; fileRef = 6FB97FDD1E4A0E080014C4C2 /* MAKVONotificationCenter.framework */; settings = {ATTRIBUTES = (CodeSignOnCopy, RemoveHeadersOnCopy, ); }; };
		6FB97FF81E4B13CC0014C4C2 /* MAKVONotificationCenter.framework in Copy Framework Dependencies For Xcode View Rendering */ = {isa = PBXBuildFile; fileRef = 6FB97FDD1E4A0E080014C4C2 /* MAKVONotificationCenter.framework */; };
		6FE7D5E81F85039000817E89 /* MediaPlayerBaseTestCase.m in Sources */ = {isa = PBXBuildFile; fileRef = 6FE7D5E71F85039000817E89 /* MediaPlayerBaseTestCase.m */; };
		6FE7D5EB1F86237D00817E89 /* MetadataUpdatesTestCase.m in Sources */ = {isa = PBXBuildFile; fileRef = 6FE7D5EA1F86237D00817E89 /* MetadataUpdatesTestCase.m */; };
		6FEB51631DB0A8FB002D1751 /* airplay.png in Resources */ = {isa = PBXBuildFile; fileRef = 6FEB51601DB0A8FA002D1751 /* airplay.png */; };
		6FEB51641DB0A8FB002D1751 /* airplay@2x.png in Resources */ = {isa = PBXBuildFile; fileRef = 6FEB51611DB0A8FB002D1751 /* airplay@2x.png */; };
		6FEB51651DB0A8FB002D1751 /* airplay@3x.png in Resources */ = {isa = PBXBuildFile; fileRef = 6FEB51621DB0A8FB002D1751 /* airplay@3x.png */; };
		6FEB51681DB0A909002D1751 /* picture_in_picture_start_button@3x.png in Resources */ = {isa = PBXBuildFile; fileRef = 6FEB51661DB0A909002D1751 /* picture_in_picture_start_button@3x.png */; };
		6FEB51691DB0A909002D1751 /* picture_in_picture_stop_button@3x.png in Resources */ = {isa = PBXBuildFile; fileRef = 6FEB51671DB0A909002D1751 /* picture_in_picture_stop_button@3x.png */; };
		6FEB516C1DB0AA03002D1751 /* MPVolumeView+SRGMediaPlayer.h in Headers */ = {isa = PBXBuildFile; fileRef = 6FEB516A1DB0AA03002D1751 /* MPVolumeView+SRGMediaPlayer.h */; };
		6FEB516D1DB0AA03002D1751 /* MPVolumeView+SRGMediaPlayer.m in Sources */ = {isa = PBXBuildFile; fileRef = 6FEB516B1DB0AA03002D1751 /* MPVolumeView+SRGMediaPlayer.m */; };
		E654909C1D7F33AE007D96E7 /* libextobjc.framework in Copy Frameworks Into Test Bundle */ = {isa = PBXBuildFile; fileRef = E6B0276E1D7EF76700012FDF /* libextobjc.framework */; settings = {ATTRIBUTES = (CodeSignOnCopy, RemoveHeadersOnCopy, ); }; };
		E67799321D75AE2600E58331 /* SRGTimelineView.h in Headers */ = {isa = PBXBuildFile; fileRef = E67799301D75AE2500E58331 /* SRGTimelineView.h */; settings = {ATTRIBUTES = (Public, ); }; };
		E67799331D75AE2600E58331 /* SRGTimelineView.m in Sources */ = {isa = PBXBuildFile; fileRef = E67799311D75AE2500E58331 /* SRGTimelineView.m */; };
		E67799341D75B0E300E58331 /* SRGTimelineSlider.h in Headers */ = {isa = PBXBuildFile; fileRef = E6FC7F511D62072400A55085 /* SRGTimelineSlider.h */; settings = {ATTRIBUTES = (Public, ); }; };
		E67799351D75B0E300E58331 /* SRGTimelineSlider.m in Sources */ = {isa = PBXBuildFile; fileRef = E6FC7F521D62072400A55085 /* SRGTimelineSlider.m */; };
		E69A1E561D61BAFD0064E6C1 /* Localizable.strings in Resources */ = {isa = PBXBuildFile; fileRef = E69A1E001D61BAFD0064E6C1 /* Localizable.strings */; };
		E69A1E571D61BAFD0064E6C1 /* picture_in_picture_start_button.png in Resources */ = {isa = PBXBuildFile; fileRef = E69A1E051D61BAFD0064E6C1 /* picture_in_picture_start_button.png */; };
		E69A1E581D61BAFD0064E6C1 /* picture_in_picture_start_button@2x.png in Resources */ = {isa = PBXBuildFile; fileRef = E69A1E061D61BAFD0064E6C1 /* picture_in_picture_start_button@2x.png */; };
		E69A1E591D61BAFD0064E6C1 /* picture_in_picture_stop_button.png in Resources */ = {isa = PBXBuildFile; fileRef = E69A1E071D61BAFD0064E6C1 /* picture_in_picture_stop_button.png */; };
		E69A1E5A1D61BAFD0064E6C1 /* picture_in_picture_stop_button@2x.png in Resources */ = {isa = PBXBuildFile; fileRef = E69A1E081D61BAFD0064E6C1 /* picture_in_picture_stop_button@2x.png */; };
		E69A1E5B1D61BAFD0064E6C1 /* thumb_timeline_slider.png in Resources */ = {isa = PBXBuildFile; fileRef = E69A1E0A1D61BAFD0064E6C1 /* thumb_timeline_slider.png */; };
		E69A1E5C1D61BAFD0064E6C1 /* thumb_timeline_slider@2x.png in Resources */ = {isa = PBXBuildFile; fileRef = E69A1E0B1D61BAFD0064E6C1 /* thumb_timeline_slider@2x.png */; };
		E69A1E621D61BAFD0064E6C1 /* SRGMediaPlayer.h in Headers */ = {isa = PBXBuildFile; fileRef = E69A1E121D61BAFD0064E6C1 /* SRGMediaPlayer.h */; settings = {ATTRIBUTES = (Public, ); }; };
		E69A1F971D61BFAE0064E6C1 /* audios@2x.png in Resources */ = {isa = PBXBuildFile; fileRef = E69A1F5B1D61BFAE0064E6C1 /* audios@2x.png */; };
		E69A1F981D61BFAE0064E6C1 /* AudioURLs.plist in Resources */ = {isa = PBXBuildFile; fileRef = E69A1F5C1D61BFAE0064E6C1 /* AudioURLs.plist */; };
		E69A1F991D61BFAE0064E6C1 /* close_button.png in Resources */ = {isa = PBXBuildFile; fileRef = E69A1F5D1D61BFAE0064E6C1 /* close_button.png */; };
		E69A1F9A1D61BFAE0064E6C1 /* close_button@2x.png in Resources */ = {isa = PBXBuildFile; fileRef = E69A1F5E1D61BFAE0064E6C1 /* close_button@2x.png */; };
		E69A1F9B1D61BFAE0064E6C1 /* goal.png in Resources */ = {isa = PBXBuildFile; fileRef = E69A1F5F1D61BFAE0064E6C1 /* goal.png */; };
		E69A1F9C1D61BFAE0064E6C1 /* goal@2x.png in Resources */ = {isa = PBXBuildFile; fileRef = E69A1F601D61BFAE0064E6C1 /* goal@2x.png */; };
		E69A1F9D1D61BFAE0064E6C1 /* Images.xcassets in Resources */ = {isa = PBXBuildFile; fileRef = E69A1F611D61BFAE0064E6C1 /* Images.xcassets */; };
		E69A1FA01D61BFAE0064E6C1 /* LaunchImage.png in Resources */ = {isa = PBXBuildFile; fileRef = E69A1F641D61BFAE0064E6C1 /* LaunchImage.png */; };
		E69A1FA11D61BFAE0064E6C1 /* MediaURLs.plist in Resources */ = {isa = PBXBuildFile; fileRef = E69A1F651D61BFAE0064E6C1 /* MediaURLs.plist */; };
		E69A1FA21D61BFAE0064E6C1 /* MultiplayerURLs.plist in Resources */ = {isa = PBXBuildFile; fileRef = E69A1F661D61BFAE0064E6C1 /* MultiplayerURLs.plist */; };
		E69A1FA31D61BFAE0064E6C1 /* red_card.png in Resources */ = {isa = PBXBuildFile; fileRef = E69A1F671D61BFAE0064E6C1 /* red_card.png */; };
		E69A1FA41D61BFAE0064E6C1 /* red_card@2x.png in Resources */ = {isa = PBXBuildFile; fileRef = E69A1F681D61BFAE0064E6C1 /* red_card@2x.png */; };
		E69A1FA51D61BFAE0064E6C1 /* screen@2x.png in Resources */ = {isa = PBXBuildFile; fileRef = E69A1F691D61BFAE0064E6C1 /* screen@2x.png */; };
		E69A1FA61D61BFAE0064E6C1 /* segments@2x.png in Resources */ = {isa = PBXBuildFile; fileRef = E69A1F6A1D61BFAE0064E6C1 /* segments@2x.png */; };
		E69A1FA71D61BFAE0064E6C1 /* thumbnail-placeholder.png in Resources */ = {isa = PBXBuildFile; fileRef = E69A1F6B1D61BFAE0064E6C1 /* thumbnail-placeholder.png */; };
		E69A1FA81D61BFAE0064E6C1 /* thumbnail-placeholder@2x.png in Resources */ = {isa = PBXBuildFile; fileRef = E69A1F6C1D61BFAE0064E6C1 /* thumbnail-placeholder@2x.png */; };
		E69A1FA91D61BFAE0064E6C1 /* TimeshiftURLs.plist in Resources */ = {isa = PBXBuildFile; fileRef = E69A1F6D1D61BFAE0064E6C1 /* TimeshiftURLs.plist */; };
		E69A1FAA1D61BFAE0064E6C1 /* videos@2x.png in Resources */ = {isa = PBXBuildFile; fileRef = E69A1F6E1D61BFAE0064E6C1 /* videos@2x.png */; };
		E69A1FAB1D61BFAE0064E6C1 /* yellow_card.png in Resources */ = {isa = PBXBuildFile; fileRef = E69A1F6F1D61BFAE0064E6C1 /* yellow_card.png */; };
		E69A1FAC1D61BFAE0064E6C1 /* yellow_card@2x.png in Resources */ = {isa = PBXBuildFile; fileRef = E69A1F701D61BFAE0064E6C1 /* yellow_card@2x.png */; };
		E69A1FC41D61C06B0064E6C1 /* SRGMediaPlayer.framework in Frameworks */ = {isa = PBXBuildFile; fileRef = E69A1DA91D61B9380064E6C1 /* SRGMediaPlayer.framework */; };
		E69A1FC51D61C06B0064E6C1 /* SRGMediaPlayer.framework in Embed Frameworks */ = {isa = PBXBuildFile; fileRef = E69A1DA91D61B9380064E6C1 /* SRGMediaPlayer.framework */; settings = {ATTRIBUTES = (CodeSignOnCopy, RemoveHeadersOnCopy, ); }; };
		E69A1FD61D61C6830064E6C1 /* SRGMediaPlayer.framework in Frameworks */ = {isa = PBXBuildFile; fileRef = E69A1DA91D61B9380064E6C1 /* SRGMediaPlayer.framework */; };
		E69A1FE61D61C6D20064E6C1 /* Segment.m in Sources */ = {isa = PBXBuildFile; fileRef = E69A1FE11D61C6D20064E6C1 /* Segment.m */; };
		E6B0276F1D7EF76700012FDF /* libextobjc.framework in Frameworks */ = {isa = PBXBuildFile; fileRef = E6B0276E1D7EF76700012FDF /* libextobjc.framework */; };
		E6B027701D7EF78000012FDF /* libextobjc.framework in Frameworks */ = {isa = PBXBuildFile; fileRef = E6B0276E1D7EF76700012FDF /* libextobjc.framework */; };
		E6B027711D7EF78000012FDF /* libextobjc.framework in Embed Frameworks */ = {isa = PBXBuildFile; fileRef = E6B0276E1D7EF76700012FDF /* libextobjc.framework */; settings = {ATTRIBUTES = (CodeSignOnCopy, RemoveHeadersOnCopy, ); }; };
		E6BCE94E1D76CB900021973D /* InlinePlayerViewController.m in Sources */ = {isa = PBXBuildFile; fileRef = E6BCE93C1D76CB900021973D /* InlinePlayerViewController.m */; };
		E6BCE94F1D76CB900021973D /* InlinePlayerViewController.storyboard in Resources */ = {isa = PBXBuildFile; fileRef = E6BCE93D1D76CB900021973D /* InlinePlayerViewController.storyboard */; };
		E6BCE9501D76CB900021973D /* MultiPlayerViewController.m in Sources */ = {isa = PBXBuildFile; fileRef = E6BCE9401D76CB900021973D /* MultiPlayerViewController.m */; };
		E6BCE9511D76CB900021973D /* MultiPlayerViewController.storyboard in Resources */ = {isa = PBXBuildFile; fileRef = E6BCE9411D76CB900021973D /* MultiPlayerViewController.storyboard */; };
		E6BCE9521D76CB900021973D /* Segment.m in Sources */ = {isa = PBXBuildFile; fileRef = E6BCE9441D76CB900021973D /* Segment.m */; };
		E6BCE9531D76CB900021973D /* SegmentCollectionViewCell.m in Sources */ = {isa = PBXBuildFile; fileRef = E6BCE9461D76CB900021973D /* SegmentCollectionViewCell.m */; };
		E6BCE9541D76CB900021973D /* SegmentCollectionViewCell.xib in Resources */ = {isa = PBXBuildFile; fileRef = E6BCE9471D76CB900021973D /* SegmentCollectionViewCell.xib */; };
		E6BCE9551D76CB900021973D /* SegmentsPlayerViewController.m in Sources */ = {isa = PBXBuildFile; fileRef = E6BCE9491D76CB900021973D /* SegmentsPlayerViewController.m */; };
		E6BCE9561D76CB900021973D /* TimeshiftPlayerViewController.m in Sources */ = {isa = PBXBuildFile; fileRef = E6BCE94C1D76CB900021973D /* TimeshiftPlayerViewController.m */; };
		E6BCE9571D76CB900021973D /* TimeshiftPlayerViewController.storyboard in Resources */ = {isa = PBXBuildFile; fileRef = E6BCE94D1D76CB900021973D /* TimeshiftPlayerViewController.storyboard */; };
		E6BCE9591D76CBCE0021973D /* SegmentsPlayerViewController.storyboard in Resources */ = {isa = PBXBuildFile; fileRef = E6BCE9581D76CBCE0021973D /* SegmentsPlayerViewController.storyboard */; };
		E6BCE95B1D76CF7D0021973D /* SegmentURLs.plist in Resources */ = {isa = PBXBuildFile; fileRef = E6BCE95A1D76CF7D0021973D /* SegmentURLs.plist */; };
		E6BCE95F1D77F1A50021973D /* PlaybackTestCase.m in Sources */ = {isa = PBXBuildFile; fileRef = E69A1FDE1D61C6D20064E6C1 /* PlaybackTestCase.m */; };
		E6BCE9631D7943F50021973D /* SRGMediaPlayerViewController.storyboard in Resources */ = {isa = PBXBuildFile; fileRef = E6BCE9621D7943F50021973D /* SRGMediaPlayerViewController.storyboard */; };
		E6BCE9641D794D6A0021973D /* SegmentsTestCase.m in Sources */ = {isa = PBXBuildFile; fileRef = E69A1FDF1D61C6D20064E6C1 /* SegmentsTestCase.m */; };
		E6C315671D76AB62001FC93A /* LaunchScreen.xib in Resources */ = {isa = PBXBuildFile; fileRef = E6C315661D76AB62001FC93A /* LaunchScreen.xib */; };
		E6C315761D76B2AA001FC93A /* MediasViewController.storyboard in Resources */ = {isa = PBXBuildFile; fileRef = E6C315751D76B2AA001FC93A /* MediasViewController.storyboard */; };
		E6C9860A1D6F36C900C45C7A /* SRGPlaybackButton.h in Headers */ = {isa = PBXBuildFile; fileRef = E6FC7F4B1D62072400A55085 /* SRGPlaybackButton.h */; settings = {ATTRIBUTES = (Public, ); }; };
		E6C9860B1D6F36C900C45C7A /* SRGPlaybackButton.m in Sources */ = {isa = PBXBuildFile; fileRef = E6FC7F4C1D62072400A55085 /* SRGPlaybackButton.m */; };
		E6C9860C1D6F42CB00C45C7A /* SRGPlaybackActivityIndicatorView.h in Headers */ = {isa = PBXBuildFile; fileRef = E6FC7F4F1D62072400A55085 /* SRGPlaybackActivityIndicatorView.h */; settings = {ATTRIBUTES = (Public, ); }; };
		E6C9860D1D6F42CB00C45C7A /* SRGPlaybackActivityIndicatorView.m in Sources */ = {isa = PBXBuildFile; fileRef = E6FC7F501D62072400A55085 /* SRGPlaybackActivityIndicatorView.m */; };
		E6C9860E1D6F458900C45C7A /* SRGTimeSlider.h in Headers */ = {isa = PBXBuildFile; fileRef = E6FC7F531D62072400A55085 /* SRGTimeSlider.h */; settings = {ATTRIBUTES = (Public, ); }; };
		E6C9860F1D6F458900C45C7A /* SRGTimeSlider.m in Sources */ = {isa = PBXBuildFile; fileRef = E6FC7F541D62072400A55085 /* SRGTimeSlider.m */; };
		E6C986111D70142D00C45C7A /* SRGMediaPlayerError.m in Sources */ = {isa = PBXBuildFile; fileRef = E6C986101D70142D00C45C7A /* SRGMediaPlayerError.m */; };
		E6C986121D70149E00C45C7A /* SRGAirplayView.m in Sources */ = {isa = PBXBuildFile; fileRef = E6FC7F481D62072400A55085 /* SRGAirplayView.m */; };
		E6C986131D7014A000C45C7A /* SRGAirplayView.h in Headers */ = {isa = PBXBuildFile; fileRef = E6FC7F471D62072400A55085 /* SRGAirplayView.h */; settings = {ATTRIBUTES = (Public, ); }; };
		E6C986161D7015F600C45C7A /* SRGVolumeView.h in Headers */ = {isa = PBXBuildFile; fileRef = E6FC7F551D62072400A55085 /* SRGVolumeView.h */; settings = {ATTRIBUTES = (Public, ); }; };
		E6C986171D7015F600C45C7A /* SRGVolumeView.m in Sources */ = {isa = PBXBuildFile; fileRef = E6FC7F561D62072400A55085 /* SRGVolumeView.m */; };
		E6C986181D70182300C45C7A /* SRGPictureInPictureButton.h in Headers */ = {isa = PBXBuildFile; fileRef = E6FC7F4D1D62072400A55085 /* SRGPictureInPictureButton.h */; settings = {ATTRIBUTES = (Public, ); }; };
		E6C986191D70182300C45C7A /* SRGPictureInPictureButton.m in Sources */ = {isa = PBXBuildFile; fileRef = E6FC7F4E1D62072400A55085 /* SRGPictureInPictureButton.m */; };
		E6C9861B1D701BA700C45C7A /* SRGMediaPlayerViewController.h in Headers */ = {isa = PBXBuildFile; fileRef = E6FC7F5E1D62072400A55085 /* SRGMediaPlayerViewController.h */; settings = {ATTRIBUTES = (Public, ); }; };
		E6C9861C1D701BA700C45C7A /* SRGMediaPlayerViewController.m in Sources */ = {isa = PBXBuildFile; fileRef = E6FC7F5F1D62072400A55085 /* SRGMediaPlayerViewController.m */; };
		E6C9861E1D701D3800C45C7A /* SRGMediaPlayerSharedController.h in Headers */ = {isa = PBXBuildFile; fileRef = E6FC7F5C1D62072400A55085 /* SRGMediaPlayerSharedController.h */; };
		E6C9861F1D701D3800C45C7A /* SRGMediaPlayerSharedController.m in Sources */ = {isa = PBXBuildFile; fileRef = E6FC7F5D1D62072400A55085 /* SRGMediaPlayerSharedController.m */; };
		E6D21D221D76A3F500B477F3 /* AppDelegate.m in Sources */ = {isa = PBXBuildFile; fileRef = E6D21D1A1D76A3F500B477F3 /* AppDelegate.m */; };
		E6D21D231D76A3F500B477F3 /* main.m in Sources */ = {isa = PBXBuildFile; fileRef = E6D21D1B1D76A3F500B477F3 /* main.m */; };
		E6D21D241D76A3F500B477F3 /* MediasViewController.m in Sources */ = {isa = PBXBuildFile; fileRef = E6D21D1E1D76A3F500B477F3 /* MediasViewController.m */; };
		E6E49F631D7029F9006CB883 /* SRGMediaPlayerConstants.m in Sources */ = {isa = PBXBuildFile; fileRef = E6E49F621D7029F9006CB883 /* SRGMediaPlayerConstants.m */; };
		E6FC7F6B1D62072400A55085 /* SRGActivityGestureRecognizer.h in Headers */ = {isa = PBXBuildFile; fileRef = E6FC7F301D62072400A55085 /* SRGActivityGestureRecognizer.h */; settings = {ATTRIBUTES = (Public, ); }; };
		E6FC7F6C1D62072400A55085 /* SRGActivityGestureRecognizer.m in Sources */ = {isa = PBXBuildFile; fileRef = E6FC7F311D62072400A55085 /* SRGActivityGestureRecognizer.m */; };
		E6FC7F6D1D62072400A55085 /* SRGMediaPlayerConstants.h in Headers */ = {isa = PBXBuildFile; fileRef = E6FC7F321D62072400A55085 /* SRGMediaPlayerConstants.h */; settings = {ATTRIBUTES = (Public, ); }; };
		E6FC7F6E1D62072400A55085 /* SRGMediaPlayerError.h in Headers */ = {isa = PBXBuildFile; fileRef = E6FC7F331D62072400A55085 /* SRGMediaPlayerError.h */; settings = {ATTRIBUTES = (Public, ); }; };
		E6FC7F6F1D62072400A55085 /* SRGMediaPlayerIconTemplate.h in Headers */ = {isa = PBXBuildFile; fileRef = E6FC7F341D62072400A55085 /* SRGMediaPlayerIconTemplate.h */; };
		E6FC7F701D62072400A55085 /* SRGMediaPlayerIconTemplate.m in Sources */ = {isa = PBXBuildFile; fileRef = E6FC7F351D62072400A55085 /* SRGMediaPlayerIconTemplate.m */; };
		E6FC7F731D62072400A55085 /* SRGMediaPlayerView.h in Headers */ = {isa = PBXBuildFile; fileRef = E6FC7F381D62072400A55085 /* SRGMediaPlayerView.h */; settings = {ATTRIBUTES = (Public, ); }; };
		E6FC7F741D62072400A55085 /* SRGMediaPlayerView.m in Sources */ = {isa = PBXBuildFile; fileRef = E6FC7F391D62072400A55085 /* SRGMediaPlayerView.m */; };
		E6FC7F751D62072400A55085 /* SRGPeriodicTimeObserver.h in Headers */ = {isa = PBXBuildFile; fileRef = E6FC7F3A1D62072400A55085 /* SRGPeriodicTimeObserver.h */; };
		E6FC7F761D62072400A55085 /* SRGPeriodicTimeObserver.m in Sources */ = {isa = PBXBuildFile; fileRef = E6FC7F3B1D62072400A55085 /* SRGPeriodicTimeObserver.m */; };
		E6FC7F771D62072400A55085 /* NSBundle+SRGMediaPlayer.h in Headers */ = {isa = PBXBuildFile; fileRef = E6FC7F421D62072400A55085 /* NSBundle+SRGMediaPlayer.h */; };
		E6FC7F781D62072400A55085 /* NSBundle+SRGMediaPlayer.m in Sources */ = {isa = PBXBuildFile; fileRef = E6FC7F431D62072400A55085 /* NSBundle+SRGMediaPlayer.m */; };
		E6FC7F791D62072400A55085 /* UIBezierPath+SRGMediaPlayer.h in Headers */ = {isa = PBXBuildFile; fileRef = E6FC7F441D62072400A55085 /* UIBezierPath+SRGMediaPlayer.h */; };
		E6FC7F7A1D62072400A55085 /* UIBezierPath+SRGMediaPlayer.m in Sources */ = {isa = PBXBuildFile; fileRef = E6FC7F451D62072400A55085 /* UIBezierPath+SRGMediaPlayer.m */; };
		E6FC7F8D1D62072400A55085 /* SRGMediaPlayerController.h in Headers */ = {isa = PBXBuildFile; fileRef = E6FC7F5A1D62072400A55085 /* SRGMediaPlayerController.h */; settings = {ATTRIBUTES = (Public, ); }; };
		E6FC7F8E1D62072400A55085 /* SRGMediaPlayerController.m in Sources */ = {isa = PBXBuildFile; fileRef = E6FC7F5B1D62072400A55085 /* SRGMediaPlayerController.m */; };
		E6FC7F951D62072400A55085 /* SRGSegment.h in Headers */ = {isa = PBXBuildFile; fileRef = E6FC7F631D62072400A55085 /* SRGSegment.h */; settings = {ATTRIBUTES = (Public, ); }; };
		E6FC7F9D1D62097E00A55085 /* SRGMediaPlayer.m in Sources */ = {isa = PBXBuildFile; fileRef = E6FC7F9C1D62097E00A55085 /* SRGMediaPlayer.m */; };
/* End PBXBuildFile section */

/* Begin PBXContainerItemProxy section */
		E69A1FC11D61C0180064E6C1 /* PBXContainerItemProxy */ = {
			isa = PBXContainerItemProxy;
			containerPortal = C201D8ED1A9DC1A40016C629 /* Project object */;
			proxyType = 1;
			remoteGlobalIDString = E69A1DA81D61B9380064E6C1;
			remoteInfo = SRGMediaPlayer;
		};
		E69A1FD71D61C6830064E6C1 /* PBXContainerItemProxy */ = {
			isa = PBXContainerItemProxy;
			containerPortal = C201D8ED1A9DC1A40016C629 /* Project object */;
			proxyType = 1;
			remoteGlobalIDString = E69A1DA81D61B9380064E6C1;
			remoteInfo = SRGMediaPlayer;
		};
/* End PBXContainerItemProxy section */

/* Begin PBXCopyFilesBuildPhase section */
		6F1D6D011DAF4FF10072C107 /* Copy Framework Dependencies For Xcode View Rendering */ = {
			isa = PBXCopyFilesBuildPhase;
			buildActionMask = 2147483647;
			dstPath = "";
			dstSubfolderSpec = 16;
			files = (
				6FB97FF81E4B13CC0014C4C2 /* MAKVONotificationCenter.framework in Copy Framework Dependencies For Xcode View Rendering */,
				6F1D6D021DAF50050072C107 /* SRGLogger.framework in Copy Framework Dependencies For Xcode View Rendering */,
				6F1D6D031DAF50050072C107 /* libextobjc.framework in Copy Framework Dependencies For Xcode View Rendering */,
			);
			name = "Copy Framework Dependencies For Xcode View Rendering";
			runOnlyForDeploymentPostprocessing = 0;
		};
		E65490981D7F2E9B007D96E7 /* Copy Frameworks Into Test Bundle */ = {
			isa = PBXCopyFilesBuildPhase;
			buildActionMask = 2147483647;
			dstPath = "";
			dstSubfolderSpec = 10;
			files = (
				6FB97FDF1E4A0E1A0014C4C2 /* MAKVONotificationCenter.framework in Copy Frameworks Into Test Bundle */,
				6FA09D7A1D9E9C1500EDCA64 /* SRGLogger.framework in Copy Frameworks Into Test Bundle */,
				E654909C1D7F33AE007D96E7 /* libextobjc.framework in Copy Frameworks Into Test Bundle */,
			);
			name = "Copy Frameworks Into Test Bundle";
			runOnlyForDeploymentPostprocessing = 0;
		};
		E69A1FC31D61C0180064E6C1 /* Embed Frameworks */ = {
			isa = PBXCopyFilesBuildPhase;
			buildActionMask = 2147483647;
			dstPath = "";
			dstSubfolderSpec = 10;
			files = (
				6FA09D7E1D9E9D1400EDCA64 /* SRGLogger.framework in Embed Frameworks */,
				6FB97FE21E4A0E740014C4C2 /* MAKVONotificationCenter.framework in Embed Frameworks */,
				E6B027711D7EF78000012FDF /* libextobjc.framework in Embed Frameworks */,
				E69A1FC51D61C06B0064E6C1 /* SRGMediaPlayer.framework in Embed Frameworks */,
			);
			name = "Embed Frameworks";
			runOnlyForDeploymentPostprocessing = 0;
		};
/* End PBXCopyFilesBuildPhase section */

/* Begin PBXFileReference section */
		08293A4C1EDC62FC008CE02E /* en */ = {isa = PBXFileReference; lastKnownFileType = text.plist.strings; name = en; path = en.lproj/Accessibility.strings; sourceTree = "<group>"; };
		08293A4E1EDC6303008CE02E /* fr */ = {isa = PBXFileReference; lastKnownFileType = text.plist.strings; name = fr; path = fr.lproj/Accessibility.strings; sourceTree = "<group>"; };
		08293A4F1EDC6305008CE02E /* de */ = {isa = PBXFileReference; lastKnownFileType = text.plist.strings; name = de; path = de.lproj/Accessibility.strings; sourceTree = "<group>"; };
		08293A501EDC6306008CE02E /* it */ = {isa = PBXFileReference; lastKnownFileType = text.plist.strings; name = it; path = it.lproj/Accessibility.strings; sourceTree = "<group>"; };
		08293A511EDC6307008CE02E /* rm */ = {isa = PBXFileReference; lastKnownFileType = text.plist.strings; name = rm; path = rm.lproj/Accessibility.strings; sourceTree = "<group>"; };
		08D3BEAE1DE6EAB100AE1368 /* SRGTracksButton.h */ = {isa = PBXFileReference; fileEncoding = 4; lastKnownFileType = sourcecode.c.h; path = SRGTracksButton.h; sourceTree = "<group>"; };
		08D3BEAF1DE6EAB100AE1368 /* SRGTracksButton.m */ = {isa = PBXFileReference; fileEncoding = 4; lastKnownFileType = sourcecode.c.objc; path = SRGTracksButton.m; sourceTree = "<group>"; };
		08D3BEB21DE7671E00AE1368 /* alternate_tracks_button.png */ = {isa = PBXFileReference; lastKnownFileType = image.png; path = alternate_tracks_button.png; sourceTree = "<group>"; };
		08D3BEB31DE7671E00AE1368 /* alternate_tracks_button@2x.png */ = {isa = PBXFileReference; lastKnownFileType = image.png; path = "alternate_tracks_button@2x.png"; sourceTree = "<group>"; };
		08D3BEB41DE7671E00AE1368 /* alternate_tracks_button@3x.png */ = {isa = PBXFileReference; lastKnownFileType = image.png; path = "alternate_tracks_button@3x.png"; sourceTree = "<group>"; };
		08D3BEB81DE7699500AE1368 /* alternate_tracks_button_selected.png */ = {isa = PBXFileReference; lastKnownFileType = image.png; path = alternate_tracks_button_selected.png; sourceTree = "<group>"; };
		08D3BEB91DE7699500AE1368 /* alternate_tracks_button_selected@2x.png */ = {isa = PBXFileReference; lastKnownFileType = image.png; path = "alternate_tracks_button_selected@2x.png"; sourceTree = "<group>"; };
		08D3BEBA1DE7699500AE1368 /* alternate_tracks_button_selected@3x.png */ = {isa = PBXFileReference; lastKnownFileType = image.png; path = "alternate_tracks_button_selected@3x.png"; sourceTree = "<group>"; };
		08D3BEBE1DE8756400AE1368 /* SRGAlternateTracksViewController.h */ = {isa = PBXFileReference; fileEncoding = 4; lastKnownFileType = sourcecode.c.h; path = SRGAlternateTracksViewController.h; sourceTree = "<group>"; };
		08D3BEBF1DE8756500AE1368 /* SRGAlternateTracksViewController.m */ = {isa = PBXFileReference; fileEncoding = 4; lastKnownFileType = sourcecode.c.objc; path = SRGAlternateTracksViewController.m; sourceTree = "<group>"; };
		08F4E5401E7FE76900C9E8FD /* en */ = {isa = PBXFileReference; lastKnownFileType = text.plist.strings; name = en; path = en.lproj/Localizable.strings; sourceTree = "<group>"; };
		08F4E5421E7FE76D00C9E8FD /* fr */ = {isa = PBXFileReference; lastKnownFileType = text.plist.strings; name = fr; path = fr.lproj/Localizable.strings; sourceTree = "<group>"; };
		08F4E5431E7FE76F00C9E8FD /* de */ = {isa = PBXFileReference; lastKnownFileType = text.plist.strings; name = de; path = de.lproj/Localizable.strings; sourceTree = "<group>"; };
		08F4E5441E7FE77000C9E8FD /* it */ = {isa = PBXFileReference; lastKnownFileType = text.plist.strings; name = it; path = it.lproj/Localizable.strings; sourceTree = "<group>"; };
		08F4E5451E7FE77100C9E8FD /* rm */ = {isa = PBXFileReference; lastKnownFileType = text.plist.strings; name = rm; path = rm.lproj/Localizable.strings; sourceTree = "<group>"; };
		6F0D05191DB89CF300ED9E4B /* AVAudioSession+SRGMediaPlayer.h */ = {isa = PBXFileReference; fileEncoding = 4; lastKnownFileType = sourcecode.c.h; path = "AVAudioSession+SRGMediaPlayer.h"; sourceTree = "<group>"; };
		6F0D051A1DB89CF300ED9E4B /* AVAudioSession+SRGMediaPlayer.m */ = {isa = PBXFileReference; fileEncoding = 4; lastKnownFileType = sourcecode.c.objc; path = "AVAudioSession+SRGMediaPlayer.m"; sourceTree = "<group>"; };
		6F0D051D1DB89E9B00ED9E4B /* UIScreen+SRGMediaPlayer.h */ = {isa = PBXFileReference; fileEncoding = 4; lastKnownFileType = sourcecode.c.h; path = "UIScreen+SRGMediaPlayer.h"; sourceTree = "<group>"; };
		6F0D051E1DB89E9B00ED9E4B /* UIScreen+SRGMediaPlayer.m */ = {isa = PBXFileReference; fileEncoding = 4; lastKnownFileType = sourcecode.c.objc; path = "UIScreen+SRGMediaPlayer.m"; sourceTree = "<group>"; };
		6F0F2A3F1EDEFB48001423F4 /* UIWindow+SRGMediaPlayer.h */ = {isa = PBXFileReference; fileEncoding = 4; lastKnownFileType = sourcecode.c.h; path = "UIWindow+SRGMediaPlayer.h"; sourceTree = "<group>"; };
		6F0F2A401EDEFB48001423F4 /* UIWindow+SRGMediaPlayer.m */ = {isa = PBXFileReference; fileEncoding = 4; lastKnownFileType = sourcecode.c.objc; path = "UIWindow+SRGMediaPlayer.m"; sourceTree = "<group>"; };
		6F3C6DDE1F738173007FB56B /* XCTestCase+MediaPlayerTests.h */ = {isa = PBXFileReference; lastKnownFileType = sourcecode.c.h; path = "XCTestCase+MediaPlayerTests.h"; sourceTree = "<group>"; };
		6F3C6DDF1F738173007FB56B /* XCTestCase+MediaPlayerTests.m */ = {isa = PBXFileReference; lastKnownFileType = sourcecode.c.objc; path = "XCTestCase+MediaPlayerTests.m"; sourceTree = "<group>"; };
		6F5D66431DAFCDF1009AD6DD /* SRGAirplayButton.h */ = {isa = PBXFileReference; fileEncoding = 4; lastKnownFileType = sourcecode.c.h; path = SRGAirplayButton.h; sourceTree = "<group>"; };
		6F5D66441DAFCDF1009AD6DD /* SRGAirplayButton.m */ = {isa = PBXFileReference; fileEncoding = 4; lastKnownFileType = sourcecode.c.objc; path = SRGAirplayButton.m; sourceTree = "<group>"; };
		6F68E7561DAE0877001F39C4 /* SRGMediaPlayerView+Private.h */ = {isa = PBXFileReference; fileEncoding = 4; lastKnownFileType = sourcecode.c.h; path = "SRGMediaPlayerView+Private.h"; sourceTree = "<group>"; };
		6F8F088F1EE7E20600C54ADA /* NSBundle+Demo.h */ = {isa = PBXFileReference; lastKnownFileType = sourcecode.c.h; path = "NSBundle+Demo.h"; sourceTree = "<group>"; };
		6F8F08901EE7E20600C54ADA /* NSBundle+Demo.m */ = {isa = PBXFileReference; lastKnownFileType = sourcecode.c.objc; path = "NSBundle+Demo.m"; sourceTree = "<group>"; };
		6F90A5681F3C2C9700E42066 /* AVPlayer+SRGMediaPlayer.h */ = {isa = PBXFileReference; fileEncoding = 4; lastKnownFileType = sourcecode.c.h; path = "AVPlayer+SRGMediaPlayer.h"; sourceTree = "<group>"; };
		6F90A5691F3C2C9700E42066 /* AVPlayer+SRGMediaPlayer.m */ = {isa = PBXFileReference; fileEncoding = 4; lastKnownFileType = sourcecode.c.objc; path = "AVPlayer+SRGMediaPlayer.m"; sourceTree = "<group>"; };
		6F97C7961E7A89C5001AD9B3 /* ModalTransition.h */ = {isa = PBXFileReference; fileEncoding = 4; lastKnownFileType = sourcecode.c.h; path = ModalTransition.h; sourceTree = "<group>"; };
		6F97C7971E7A89C5001AD9B3 /* ModalTransition.m */ = {isa = PBXFileReference; fileEncoding = 4; lastKnownFileType = sourcecode.c.objc; path = ModalTransition.m; sourceTree = "<group>"; };
		6FA09D281D9E69EE00EDCA64 /* SRGMediaPlayerLogger.h */ = {isa = PBXFileReference; fileEncoding = 4; lastKnownFileType = sourcecode.c.h; path = SRGMediaPlayerLogger.h; sourceTree = "<group>"; };
		6FA09D791D9E9C1500EDCA64 /* SRGLogger.framework */ = {isa = PBXFileReference; lastKnownFileType = wrapper.framework; name = SRGLogger.framework; path = Carthage/Build/iOS/SRGLogger.framework; sourceTree = "<group>"; };
		6FA1D6081F42C13E00C85D15 /* TestMacros.h */ = {isa = PBXFileReference; fileEncoding = 4; lastKnownFileType = sourcecode.c.h; path = TestMacros.h; sourceTree = "<group>"; };
		6FB97FDD1E4A0E080014C4C2 /* MAKVONotificationCenter.framework */ = {isa = PBXFileReference; lastKnownFileType = wrapper.framework; name = MAKVONotificationCenter.framework; path = Carthage/Build/iOS/MAKVONotificationCenter.framework; sourceTree = "<group>"; };
		6FE7D5E61F85039000817E89 /* MediaPlayerBaseTestCase.h */ = {isa = PBXFileReference; lastKnownFileType = sourcecode.c.h; path = MediaPlayerBaseTestCase.h; sourceTree = "<group>"; };
		6FE7D5E71F85039000817E89 /* MediaPlayerBaseTestCase.m */ = {isa = PBXFileReference; lastKnownFileType = sourcecode.c.objc; path = MediaPlayerBaseTestCase.m; sourceTree = "<group>"; };
		6FE7D5EA1F86237D00817E89 /* MetadataUpdatesTestCase.m */ = {isa = PBXFileReference; lastKnownFileType = sourcecode.c.objc; path = MetadataUpdatesTestCase.m; sourceTree = "<group>"; };
		6FEB51601DB0A8FA002D1751 /* airplay.png */ = {isa = PBXFileReference; lastKnownFileType = image.png; path = airplay.png; sourceTree = "<group>"; };
		6FEB51611DB0A8FB002D1751 /* airplay@2x.png */ = {isa = PBXFileReference; lastKnownFileType = image.png; path = "airplay@2x.png"; sourceTree = "<group>"; };
		6FEB51621DB0A8FB002D1751 /* airplay@3x.png */ = {isa = PBXFileReference; lastKnownFileType = image.png; path = "airplay@3x.png"; sourceTree = "<group>"; };
		6FEB51661DB0A909002D1751 /* picture_in_picture_start_button@3x.png */ = {isa = PBXFileReference; lastKnownFileType = image.png; path = "picture_in_picture_start_button@3x.png"; sourceTree = "<group>"; };
		6FEB51671DB0A909002D1751 /* picture_in_picture_stop_button@3x.png */ = {isa = PBXFileReference; lastKnownFileType = image.png; path = "picture_in_picture_stop_button@3x.png"; sourceTree = "<group>"; };
		6FEB516A1DB0AA03002D1751 /* MPVolumeView+SRGMediaPlayer.h */ = {isa = PBXFileReference; fileEncoding = 4; lastKnownFileType = sourcecode.c.h; path = "MPVolumeView+SRGMediaPlayer.h"; sourceTree = "<group>"; };
		6FEB516B1DB0AA03002D1751 /* MPVolumeView+SRGMediaPlayer.m */ = {isa = PBXFileReference; fileEncoding = 4; lastKnownFileType = sourcecode.c.objc; path = "MPVolumeView+SRGMediaPlayer.m"; sourceTree = "<group>"; };
		E67799301D75AE2500E58331 /* SRGTimelineView.h */ = {isa = PBXFileReference; fileEncoding = 4; lastKnownFileType = sourcecode.c.h; path = SRGTimelineView.h; sourceTree = "<group>"; };
		E67799311D75AE2500E58331 /* SRGTimelineView.m */ = {isa = PBXFileReference; fileEncoding = 4; lastKnownFileType = sourcecode.c.objc; path = SRGTimelineView.m; sourceTree = "<group>"; };
		E69A1DA91D61B9380064E6C1 /* SRGMediaPlayer.framework */ = {isa = PBXFileReference; explicitFileType = wrapper.framework; includeInIndex = 0; path = SRGMediaPlayer.framework; sourceTree = BUILT_PRODUCTS_DIR; };
		E69A1DDF1D61BAFD0064E6C1 /* Info.plist */ = {isa = PBXFileReference; fileEncoding = 4; lastKnownFileType = text.plist.xml; path = Info.plist; sourceTree = "<group>"; };
		E69A1E011D61BAFD0064E6C1 /* de */ = {isa = PBXFileReference; lastKnownFileType = text.plist.strings; name = de; path = de.lproj/Localizable.strings; sourceTree = "<group>"; };
		E69A1E021D61BAFD0064E6C1 /* en */ = {isa = PBXFileReference; lastKnownFileType = text.plist.strings; name = en; path = en.lproj/Localizable.strings; sourceTree = "<group>"; };
		E69A1E031D61BAFD0064E6C1 /* fr */ = {isa = PBXFileReference; lastKnownFileType = text.plist.strings; name = fr; path = fr.lproj/Localizable.strings; sourceTree = "<group>"; };
		E69A1E041D61BAFD0064E6C1 /* it */ = {isa = PBXFileReference; lastKnownFileType = text.plist.strings; name = it; path = it.lproj/Localizable.strings; sourceTree = "<group>"; };
		E69A1E051D61BAFD0064E6C1 /* picture_in_picture_start_button.png */ = {isa = PBXFileReference; lastKnownFileType = image.png; path = picture_in_picture_start_button.png; sourceTree = "<group>"; };
		E69A1E061D61BAFD0064E6C1 /* picture_in_picture_start_button@2x.png */ = {isa = PBXFileReference; lastKnownFileType = image.png; path = "picture_in_picture_start_button@2x.png"; sourceTree = "<group>"; };
		E69A1E071D61BAFD0064E6C1 /* picture_in_picture_stop_button.png */ = {isa = PBXFileReference; lastKnownFileType = image.png; path = picture_in_picture_stop_button.png; sourceTree = "<group>"; };
		E69A1E081D61BAFD0064E6C1 /* picture_in_picture_stop_button@2x.png */ = {isa = PBXFileReference; lastKnownFileType = image.png; path = "picture_in_picture_stop_button@2x.png"; sourceTree = "<group>"; };
		E69A1E091D61BAFD0064E6C1 /* rm */ = {isa = PBXFileReference; lastKnownFileType = text.plist.strings; name = rm; path = rm.lproj/Localizable.strings; sourceTree = "<group>"; };
		E69A1E0A1D61BAFD0064E6C1 /* thumb_timeline_slider.png */ = {isa = PBXFileReference; lastKnownFileType = image.png; path = thumb_timeline_slider.png; sourceTree = "<group>"; };
		E69A1E0B1D61BAFD0064E6C1 /* thumb_timeline_slider@2x.png */ = {isa = PBXFileReference; lastKnownFileType = image.png; path = "thumb_timeline_slider@2x.png"; sourceTree = "<group>"; };
		E69A1E121D61BAFD0064E6C1 /* SRGMediaPlayer.h */ = {isa = PBXFileReference; fileEncoding = 4; lastKnownFileType = sourcecode.c.h; path = SRGMediaPlayer.h; sourceTree = "<group>"; };
		E69A1E671D61BEFC0064E6C1 /* SRGMediaPlayer-demo.app */ = {isa = PBXFileReference; explicitFileType = wrapper.application; includeInIndex = 0; path = "SRGMediaPlayer-demo.app"; sourceTree = BUILT_PRODUCTS_DIR; };
		E69A1F581D61BFAE0064E6C1 /* Info.plist */ = {isa = PBXFileReference; fileEncoding = 4; lastKnownFileType = text.plist.xml; path = Info.plist; sourceTree = "<group>"; };
		E69A1F5B1D61BFAE0064E6C1 /* audios@2x.png */ = {isa = PBXFileReference; lastKnownFileType = image.png; path = "audios@2x.png"; sourceTree = "<group>"; };
		E69A1F5C1D61BFAE0064E6C1 /* AudioURLs.plist */ = {isa = PBXFileReference; fileEncoding = 4; lastKnownFileType = text.plist.xml; path = AudioURLs.plist; sourceTree = "<group>"; };
		E69A1F5D1D61BFAE0064E6C1 /* close_button.png */ = {isa = PBXFileReference; lastKnownFileType = image.png; path = close_button.png; sourceTree = "<group>"; };
		E69A1F5E1D61BFAE0064E6C1 /* close_button@2x.png */ = {isa = PBXFileReference; lastKnownFileType = image.png; path = "close_button@2x.png"; sourceTree = "<group>"; };
		E69A1F5F1D61BFAE0064E6C1 /* goal.png */ = {isa = PBXFileReference; lastKnownFileType = image.png; path = goal.png; sourceTree = "<group>"; };
		E69A1F601D61BFAE0064E6C1 /* goal@2x.png */ = {isa = PBXFileReference; lastKnownFileType = image.png; path = "goal@2x.png"; sourceTree = "<group>"; };
		E69A1F611D61BFAE0064E6C1 /* Images.xcassets */ = {isa = PBXFileReference; lastKnownFileType = folder.assetcatalog; path = Images.xcassets; sourceTree = "<group>"; };
		E69A1F641D61BFAE0064E6C1 /* LaunchImage.png */ = {isa = PBXFileReference; lastKnownFileType = image.png; path = LaunchImage.png; sourceTree = "<group>"; };
		E69A1F651D61BFAE0064E6C1 /* MediaURLs.plist */ = {isa = PBXFileReference; fileEncoding = 4; lastKnownFileType = text.plist.xml; path = MediaURLs.plist; sourceTree = "<group>"; };
		E69A1F661D61BFAE0064E6C1 /* MultiplayerURLs.plist */ = {isa = PBXFileReference; fileEncoding = 4; lastKnownFileType = text.plist.xml; path = MultiplayerURLs.plist; sourceTree = "<group>"; };
		E69A1F671D61BFAE0064E6C1 /* red_card.png */ = {isa = PBXFileReference; lastKnownFileType = image.png; path = red_card.png; sourceTree = "<group>"; };
		E69A1F681D61BFAE0064E6C1 /* red_card@2x.png */ = {isa = PBXFileReference; lastKnownFileType = image.png; path = "red_card@2x.png"; sourceTree = "<group>"; };
		E69A1F691D61BFAE0064E6C1 /* screen@2x.png */ = {isa = PBXFileReference; lastKnownFileType = image.png; path = "screen@2x.png"; sourceTree = "<group>"; };
		E69A1F6A1D61BFAE0064E6C1 /* segments@2x.png */ = {isa = PBXFileReference; lastKnownFileType = image.png; path = "segments@2x.png"; sourceTree = "<group>"; };
		E69A1F6B1D61BFAE0064E6C1 /* thumbnail-placeholder.png */ = {isa = PBXFileReference; lastKnownFileType = image.png; path = "thumbnail-placeholder.png"; sourceTree = "<group>"; };
		E69A1F6C1D61BFAE0064E6C1 /* thumbnail-placeholder@2x.png */ = {isa = PBXFileReference; lastKnownFileType = image.png; path = "thumbnail-placeholder@2x.png"; sourceTree = "<group>"; };
		E69A1F6D1D61BFAE0064E6C1 /* TimeshiftURLs.plist */ = {isa = PBXFileReference; fileEncoding = 4; lastKnownFileType = text.plist.xml; path = TimeshiftURLs.plist; sourceTree = "<group>"; };
		E69A1F6E1D61BFAE0064E6C1 /* videos@2x.png */ = {isa = PBXFileReference; lastKnownFileType = image.png; path = "videos@2x.png"; sourceTree = "<group>"; };
		E69A1F6F1D61BFAE0064E6C1 /* yellow_card.png */ = {isa = PBXFileReference; lastKnownFileType = image.png; path = yellow_card.png; sourceTree = "<group>"; };
		E69A1F701D61BFAE0064E6C1 /* yellow_card@2x.png */ = {isa = PBXFileReference; lastKnownFileType = image.png; path = "yellow_card@2x.png"; sourceTree = "<group>"; };
		E69A1FD11D61C6830064E6C1 /* SRGMediaPlayer-tests.xctest */ = {isa = PBXFileReference; explicitFileType = wrapper.cfbundle; includeInIndex = 0; path = "SRGMediaPlayer-tests.xctest"; sourceTree = BUILT_PRODUCTS_DIR; };
		E69A1FD51D61C6830064E6C1 /* Info.plist */ = {isa = PBXFileReference; lastKnownFileType = text.plist.xml; path = Info.plist; sourceTree = "<group>"; };
		E69A1FDE1D61C6D20064E6C1 /* PlaybackTestCase.m */ = {isa = PBXFileReference; fileEncoding = 4; lastKnownFileType = sourcecode.c.objc; path = PlaybackTestCase.m; sourceTree = "<group>"; };
		E69A1FDF1D61C6D20064E6C1 /* SegmentsTestCase.m */ = {isa = PBXFileReference; fileEncoding = 4; lastKnownFileType = sourcecode.c.objc; path = SegmentsTestCase.m; sourceTree = "<group>"; };
		E69A1FE01D61C6D20064E6C1 /* Segment.h */ = {isa = PBXFileReference; fileEncoding = 4; lastKnownFileType = sourcecode.c.h; path = Segment.h; sourceTree = "<group>"; };
		E69A1FE11D61C6D20064E6C1 /* Segment.m */ = {isa = PBXFileReference; fileEncoding = 4; lastKnownFileType = sourcecode.c.objc; path = Segment.m; sourceTree = "<group>"; };
		E6B0276E1D7EF76700012FDF /* libextobjc.framework */ = {isa = PBXFileReference; lastKnownFileType = wrapper.framework; name = libextobjc.framework; path = Carthage/Build/iOS/libextobjc.framework; sourceTree = "<group>"; };
		E6BCE93B1D76CB900021973D /* InlinePlayerViewController.h */ = {isa = PBXFileReference; fileEncoding = 4; lastKnownFileType = sourcecode.c.h; path = InlinePlayerViewController.h; sourceTree = "<group>"; };
		E6BCE93C1D76CB900021973D /* InlinePlayerViewController.m */ = {isa = PBXFileReference; fileEncoding = 4; lastKnownFileType = sourcecode.c.objc; path = InlinePlayerViewController.m; sourceTree = "<group>"; };
		E6BCE93D1D76CB900021973D /* InlinePlayerViewController.storyboard */ = {isa = PBXFileReference; fileEncoding = 4; lastKnownFileType = file.storyboard; path = InlinePlayerViewController.storyboard; sourceTree = "<group>"; };
		E6BCE93F1D76CB900021973D /* MultiPlayerViewController.h */ = {isa = PBXFileReference; fileEncoding = 4; lastKnownFileType = sourcecode.c.h; path = MultiPlayerViewController.h; sourceTree = "<group>"; };
		E6BCE9401D76CB900021973D /* MultiPlayerViewController.m */ = {isa = PBXFileReference; fileEncoding = 4; lastKnownFileType = sourcecode.c.objc; path = MultiPlayerViewController.m; sourceTree = "<group>"; };
		E6BCE9411D76CB900021973D /* MultiPlayerViewController.storyboard */ = {isa = PBXFileReference; fileEncoding = 4; lastKnownFileType = file.storyboard; path = MultiPlayerViewController.storyboard; sourceTree = "<group>"; };
		E6BCE9431D76CB900021973D /* Segment.h */ = {isa = PBXFileReference; fileEncoding = 4; lastKnownFileType = sourcecode.c.h; path = Segment.h; sourceTree = "<group>"; };
		E6BCE9441D76CB900021973D /* Segment.m */ = {isa = PBXFileReference; fileEncoding = 4; lastKnownFileType = sourcecode.c.objc; path = Segment.m; sourceTree = "<group>"; };
		E6BCE9451D76CB900021973D /* SegmentCollectionViewCell.h */ = {isa = PBXFileReference; fileEncoding = 4; lastKnownFileType = sourcecode.c.h; path = SegmentCollectionViewCell.h; sourceTree = "<group>"; };
		E6BCE9461D76CB900021973D /* SegmentCollectionViewCell.m */ = {isa = PBXFileReference; fileEncoding = 4; lastKnownFileType = sourcecode.c.objc; path = SegmentCollectionViewCell.m; sourceTree = "<group>"; };
		E6BCE9471D76CB900021973D /* SegmentCollectionViewCell.xib */ = {isa = PBXFileReference; fileEncoding = 4; lastKnownFileType = file.xib; path = SegmentCollectionViewCell.xib; sourceTree = "<group>"; };
		E6BCE9481D76CB900021973D /* SegmentsPlayerViewController.h */ = {isa = PBXFileReference; fileEncoding = 4; lastKnownFileType = sourcecode.c.h; path = SegmentsPlayerViewController.h; sourceTree = "<group>"; };
		E6BCE9491D76CB900021973D /* SegmentsPlayerViewController.m */ = {isa = PBXFileReference; fileEncoding = 4; lastKnownFileType = sourcecode.c.objc; path = SegmentsPlayerViewController.m; sourceTree = "<group>"; };
		E6BCE94B1D76CB900021973D /* TimeshiftPlayerViewController.h */ = {isa = PBXFileReference; fileEncoding = 4; lastKnownFileType = sourcecode.c.h; path = TimeshiftPlayerViewController.h; sourceTree = "<group>"; };
		E6BCE94C1D76CB900021973D /* TimeshiftPlayerViewController.m */ = {isa = PBXFileReference; fileEncoding = 4; lastKnownFileType = sourcecode.c.objc; path = TimeshiftPlayerViewController.m; sourceTree = "<group>"; };
		E6BCE94D1D76CB900021973D /* TimeshiftPlayerViewController.storyboard */ = {isa = PBXFileReference; fileEncoding = 4; lastKnownFileType = file.storyboard; path = TimeshiftPlayerViewController.storyboard; sourceTree = "<group>"; };
		E6BCE9581D76CBCE0021973D /* SegmentsPlayerViewController.storyboard */ = {isa = PBXFileReference; fileEncoding = 4; lastKnownFileType = file.storyboard; path = SegmentsPlayerViewController.storyboard; sourceTree = "<group>"; };
		E6BCE95A1D76CF7D0021973D /* SegmentURLs.plist */ = {isa = PBXFileReference; fileEncoding = 4; lastKnownFileType = text.plist.xml; path = SegmentURLs.plist; sourceTree = "<group>"; };
		E6BCE9621D7943F50021973D /* SRGMediaPlayerViewController.storyboard */ = {isa = PBXFileReference; fileEncoding = 4; lastKnownFileType = file.storyboard; path = SRGMediaPlayerViewController.storyboard; sourceTree = "<group>"; };
		E6C315661D76AB62001FC93A /* LaunchScreen.xib */ = {isa = PBXFileReference; fileEncoding = 4; lastKnownFileType = file.xib; path = LaunchScreen.xib; sourceTree = "<group>"; };
		E6C315751D76B2AA001FC93A /* MediasViewController.storyboard */ = {isa = PBXFileReference; fileEncoding = 4; lastKnownFileType = file.storyboard; path = MediasViewController.storyboard; sourceTree = "<group>"; };
		E6C986101D70142D00C45C7A /* SRGMediaPlayerError.m */ = {isa = PBXFileReference; fileEncoding = 4; lastKnownFileType = sourcecode.c.objc; path = SRGMediaPlayerError.m; sourceTree = "<group>"; };
		E6D21D191D76A3F500B477F3 /* AppDelegate.h */ = {isa = PBXFileReference; fileEncoding = 4; lastKnownFileType = sourcecode.c.h; path = AppDelegate.h; sourceTree = "<group>"; };
		E6D21D1A1D76A3F500B477F3 /* AppDelegate.m */ = {isa = PBXFileReference; fileEncoding = 4; lastKnownFileType = sourcecode.c.objc; path = AppDelegate.m; sourceTree = "<group>"; };
		E6D21D1B1D76A3F500B477F3 /* main.m */ = {isa = PBXFileReference; fileEncoding = 4; lastKnownFileType = sourcecode.c.objc; path = main.m; sourceTree = "<group>"; };
		E6D21D1D1D76A3F500B477F3 /* MediasViewController.h */ = {isa = PBXFileReference; fileEncoding = 4; lastKnownFileType = sourcecode.c.h; path = MediasViewController.h; sourceTree = "<group>"; };
		E6D21D1E1D76A3F500B477F3 /* MediasViewController.m */ = {isa = PBXFileReference; fileEncoding = 4; lastKnownFileType = sourcecode.c.objc; path = MediasViewController.m; sourceTree = "<group>"; };
		E6E49F621D7029F9006CB883 /* SRGMediaPlayerConstants.m */ = {isa = PBXFileReference; fileEncoding = 4; lastKnownFileType = sourcecode.c.objc; path = SRGMediaPlayerConstants.m; sourceTree = "<group>"; };
		E6FC7F301D62072400A55085 /* SRGActivityGestureRecognizer.h */ = {isa = PBXFileReference; fileEncoding = 4; lastKnownFileType = sourcecode.c.h; path = SRGActivityGestureRecognizer.h; sourceTree = "<group>"; };
		E6FC7F311D62072400A55085 /* SRGActivityGestureRecognizer.m */ = {isa = PBXFileReference; fileEncoding = 4; lastKnownFileType = sourcecode.c.objc; path = SRGActivityGestureRecognizer.m; sourceTree = "<group>"; };
		E6FC7F321D62072400A55085 /* SRGMediaPlayerConstants.h */ = {isa = PBXFileReference; fileEncoding = 4; lastKnownFileType = sourcecode.c.h; path = SRGMediaPlayerConstants.h; sourceTree = "<group>"; };
		E6FC7F331D62072400A55085 /* SRGMediaPlayerError.h */ = {isa = PBXFileReference; fileEncoding = 4; lastKnownFileType = sourcecode.c.h; path = SRGMediaPlayerError.h; sourceTree = "<group>"; };
		E6FC7F341D62072400A55085 /* SRGMediaPlayerIconTemplate.h */ = {isa = PBXFileReference; fileEncoding = 4; lastKnownFileType = sourcecode.c.h; path = SRGMediaPlayerIconTemplate.h; sourceTree = "<group>"; };
		E6FC7F351D62072400A55085 /* SRGMediaPlayerIconTemplate.m */ = {isa = PBXFileReference; fileEncoding = 4; lastKnownFileType = sourcecode.c.objc; path = SRGMediaPlayerIconTemplate.m; sourceTree = "<group>"; };
		E6FC7F381D62072400A55085 /* SRGMediaPlayerView.h */ = {isa = PBXFileReference; fileEncoding = 4; lastKnownFileType = sourcecode.c.h; path = SRGMediaPlayerView.h; sourceTree = "<group>"; };
		E6FC7F391D62072400A55085 /* SRGMediaPlayerView.m */ = {isa = PBXFileReference; fileEncoding = 4; lastKnownFileType = sourcecode.c.objc; path = SRGMediaPlayerView.m; sourceTree = "<group>"; };
		E6FC7F3A1D62072400A55085 /* SRGPeriodicTimeObserver.h */ = {isa = PBXFileReference; fileEncoding = 4; lastKnownFileType = sourcecode.c.h; path = SRGPeriodicTimeObserver.h; sourceTree = "<group>"; };
		E6FC7F3B1D62072400A55085 /* SRGPeriodicTimeObserver.m */ = {isa = PBXFileReference; fileEncoding = 4; lastKnownFileType = sourcecode.c.objc; path = SRGPeriodicTimeObserver.m; sourceTree = "<group>"; };
		E6FC7F421D62072400A55085 /* NSBundle+SRGMediaPlayer.h */ = {isa = PBXFileReference; fileEncoding = 4; lastKnownFileType = sourcecode.c.h; path = "NSBundle+SRGMediaPlayer.h"; sourceTree = "<group>"; };
		E6FC7F431D62072400A55085 /* NSBundle+SRGMediaPlayer.m */ = {isa = PBXFileReference; fileEncoding = 4; lastKnownFileType = sourcecode.c.objc; path = "NSBundle+SRGMediaPlayer.m"; sourceTree = "<group>"; };
		E6FC7F441D62072400A55085 /* UIBezierPath+SRGMediaPlayer.h */ = {isa = PBXFileReference; fileEncoding = 4; lastKnownFileType = sourcecode.c.h; path = "UIBezierPath+SRGMediaPlayer.h"; sourceTree = "<group>"; };
		E6FC7F451D62072400A55085 /* UIBezierPath+SRGMediaPlayer.m */ = {isa = PBXFileReference; fileEncoding = 4; lastKnownFileType = sourcecode.c.objc; path = "UIBezierPath+SRGMediaPlayer.m"; sourceTree = "<group>"; };
		E6FC7F471D62072400A55085 /* SRGAirplayView.h */ = {isa = PBXFileReference; fileEncoding = 4; lastKnownFileType = sourcecode.c.h; path = SRGAirplayView.h; sourceTree = "<group>"; };
		E6FC7F481D62072400A55085 /* SRGAirplayView.m */ = {isa = PBXFileReference; fileEncoding = 4; lastKnownFileType = sourcecode.c.objc; path = SRGAirplayView.m; sourceTree = "<group>"; };
		E6FC7F4B1D62072400A55085 /* SRGPlaybackButton.h */ = {isa = PBXFileReference; fileEncoding = 4; lastKnownFileType = sourcecode.c.h; path = SRGPlaybackButton.h; sourceTree = "<group>"; };
		E6FC7F4C1D62072400A55085 /* SRGPlaybackButton.m */ = {isa = PBXFileReference; fileEncoding = 4; lastKnownFileType = sourcecode.c.objc; path = SRGPlaybackButton.m; sourceTree = "<group>"; };
		E6FC7F4D1D62072400A55085 /* SRGPictureInPictureButton.h */ = {isa = PBXFileReference; fileEncoding = 4; lastKnownFileType = sourcecode.c.h; path = SRGPictureInPictureButton.h; sourceTree = "<group>"; };
		E6FC7F4E1D62072400A55085 /* SRGPictureInPictureButton.m */ = {isa = PBXFileReference; fileEncoding = 4; lastKnownFileType = sourcecode.c.objc; path = SRGPictureInPictureButton.m; sourceTree = "<group>"; };
		E6FC7F4F1D62072400A55085 /* SRGPlaybackActivityIndicatorView.h */ = {isa = PBXFileReference; fileEncoding = 4; lastKnownFileType = sourcecode.c.h; path = SRGPlaybackActivityIndicatorView.h; sourceTree = "<group>"; };
		E6FC7F501D62072400A55085 /* SRGPlaybackActivityIndicatorView.m */ = {isa = PBXFileReference; fileEncoding = 4; lastKnownFileType = sourcecode.c.objc; path = SRGPlaybackActivityIndicatorView.m; sourceTree = "<group>"; };
		E6FC7F511D62072400A55085 /* SRGTimelineSlider.h */ = {isa = PBXFileReference; fileEncoding = 4; lastKnownFileType = sourcecode.c.h; path = SRGTimelineSlider.h; sourceTree = "<group>"; };
		E6FC7F521D62072400A55085 /* SRGTimelineSlider.m */ = {isa = PBXFileReference; fileEncoding = 4; lastKnownFileType = sourcecode.c.objc; path = SRGTimelineSlider.m; sourceTree = "<group>"; };
		E6FC7F531D62072400A55085 /* SRGTimeSlider.h */ = {isa = PBXFileReference; fileEncoding = 4; lastKnownFileType = sourcecode.c.h; path = SRGTimeSlider.h; sourceTree = "<group>"; };
		E6FC7F541D62072400A55085 /* SRGTimeSlider.m */ = {isa = PBXFileReference; fileEncoding = 4; lastKnownFileType = sourcecode.c.objc; path = SRGTimeSlider.m; sourceTree = "<group>"; };
		E6FC7F551D62072400A55085 /* SRGVolumeView.h */ = {isa = PBXFileReference; fileEncoding = 4; lastKnownFileType = sourcecode.c.h; path = SRGVolumeView.h; sourceTree = "<group>"; };
		E6FC7F561D62072400A55085 /* SRGVolumeView.m */ = {isa = PBXFileReference; fileEncoding = 4; lastKnownFileType = sourcecode.c.objc; path = SRGVolumeView.m; sourceTree = "<group>"; };
		E6FC7F5A1D62072400A55085 /* SRGMediaPlayerController.h */ = {isa = PBXFileReference; fileEncoding = 4; lastKnownFileType = sourcecode.c.h; path = SRGMediaPlayerController.h; sourceTree = "<group>"; };
		E6FC7F5B1D62072400A55085 /* SRGMediaPlayerController.m */ = {isa = PBXFileReference; fileEncoding = 4; lastKnownFileType = sourcecode.c.objc; path = SRGMediaPlayerController.m; sourceTree = "<group>"; };
		E6FC7F5C1D62072400A55085 /* SRGMediaPlayerSharedController.h */ = {isa = PBXFileReference; fileEncoding = 4; lastKnownFileType = sourcecode.c.h; path = SRGMediaPlayerSharedController.h; sourceTree = "<group>"; };
		E6FC7F5D1D62072400A55085 /* SRGMediaPlayerSharedController.m */ = {isa = PBXFileReference; fileEncoding = 4; lastKnownFileType = sourcecode.c.objc; path = SRGMediaPlayerSharedController.m; sourceTree = "<group>"; };
		E6FC7F5E1D62072400A55085 /* SRGMediaPlayerViewController.h */ = {isa = PBXFileReference; fileEncoding = 4; lastKnownFileType = sourcecode.c.h; path = SRGMediaPlayerViewController.h; sourceTree = "<group>"; };
		E6FC7F5F1D62072400A55085 /* SRGMediaPlayerViewController.m */ = {isa = PBXFileReference; fileEncoding = 4; lastKnownFileType = sourcecode.c.objc; path = SRGMediaPlayerViewController.m; sourceTree = "<group>"; };
		E6FC7F631D62072400A55085 /* SRGSegment.h */ = {isa = PBXFileReference; fileEncoding = 4; lastKnownFileType = sourcecode.c.h; path = SRGSegment.h; sourceTree = "<group>"; };
		E6FC7F9C1D62097E00A55085 /* SRGMediaPlayer.m */ = {isa = PBXFileReference; fileEncoding = 4; lastKnownFileType = sourcecode.c.objc; path = SRGMediaPlayer.m; sourceTree = "<group>"; };
/* End PBXFileReference section */

/* Begin PBXFrameworksBuildPhase section */
		E69A1DA51D61B9380064E6C1 /* Frameworks */ = {
			isa = PBXFrameworksBuildPhase;
			buildActionMask = 2147483647;
			files = (
				6FB97FDE1E4A0E080014C4C2 /* MAKVONotificationCenter.framework in Frameworks */,
				E6B0276F1D7EF76700012FDF /* libextobjc.framework in Frameworks */,
				6FA09D7D1D9E9C4400EDCA64 /* SRGLogger.framework in Frameworks */,
			);
			runOnlyForDeploymentPostprocessing = 0;
		};
		E69A1E641D61BEFC0064E6C1 /* Frameworks */ = {
			isa = PBXFrameworksBuildPhase;
			buildActionMask = 2147483647;
			files = (
				6F5D662E1DAF50E3009AD6DD /* SRGLogger.framework in Frameworks */,
				6FB97FE11E4A0E740014C4C2 /* MAKVONotificationCenter.framework in Frameworks */,
				E6B027701D7EF78000012FDF /* libextobjc.framework in Frameworks */,
				E69A1FC41D61C06B0064E6C1 /* SRGMediaPlayer.framework in Frameworks */,
			);
			runOnlyForDeploymentPostprocessing = 0;
		};
		E69A1FCE1D61C6830064E6C1 /* Frameworks */ = {
			isa = PBXFrameworksBuildPhase;
			buildActionMask = 2147483647;
			files = (
				E69A1FD61D61C6830064E6C1 /* SRGMediaPlayer.framework in Frameworks */,
			);
			runOnlyForDeploymentPostprocessing = 0;
		};
/* End PBXFrameworksBuildPhase section */

/* Begin PBXGroup section */
		6F97C7951E7A89C5001AD9B3 /* Helpers */ = {
			isa = PBXGroup;
			children = (
				6F97C7961E7A89C5001AD9B3 /* ModalTransition.h */,
				6F97C7971E7A89C5001AD9B3 /* ModalTransition.m */,
				6F8F088F1EE7E20600C54ADA /* NSBundle+Demo.h */,
				6F8F08901EE7E20600C54ADA /* NSBundle+Demo.m */,
			);
			path = Helpers;
			sourceTree = "<group>";
		};
		6FA1D6071F42C11600C85D15 /* Helpers */ = {
			isa = PBXGroup;
			children = (
				6FE7D5E61F85039000817E89 /* MediaPlayerBaseTestCase.h */,
				6FE7D5E71F85039000817E89 /* MediaPlayerBaseTestCase.m */,
				6FA1D6081F42C13E00C85D15 /* TestMacros.h */,
				6F3C6DDE1F738173007FB56B /* XCTestCase+MediaPlayerTests.h */,
				6F3C6DDF1F738173007FB56B /* XCTestCase+MediaPlayerTests.m */,
			);
			path = Helpers;
			sourceTree = "<group>";
		};
		C201D8EC1A9DC1A40016C629 = {
			isa = PBXGroup;
			children = (
				E69A1DB11D61BAFD0064E6C1 /* Framework */,
				E69A1F571D61BFAE0064E6C1 /* Demo */,
				E69A1FD21D61C6830064E6C1 /* Tests */,
				E69A1FCC1D61C32D0064E6C1 /* Frameworks */,
				C201D8F61A9DC1A40016C629 /* Products */,
			);
			indentWidth = 4;
			sourceTree = "<group>";
			tabWidth = 4;
			usesTabs = 0;
		};
		C201D8F61A9DC1A40016C629 /* Products */ = {
			isa = PBXGroup;
			children = (
				E69A1DA91D61B9380064E6C1 /* SRGMediaPlayer.framework */,
				E69A1E671D61BEFC0064E6C1 /* SRGMediaPlayer-demo.app */,
				E69A1FD11D61C6830064E6C1 /* SRGMediaPlayer-tests.xctest */,
			);
			name = Products;
			sourceTree = "<group>";
		};
		E69A1DB11D61BAFD0064E6C1 /* Framework */ = {
			isa = PBXGroup;
			children = (
				E69A1DFF1D61BAFD0064E6C1 /* Resources */,
				E6FC7F2E1D62072400A55085 /* Sources */,
				E69A1DDF1D61BAFD0064E6C1 /* Info.plist */,
				E69A1E121D61BAFD0064E6C1 /* SRGMediaPlayer.h */,
				E6FC7F9C1D62097E00A55085 /* SRGMediaPlayer.m */,
			);
			path = Framework;
			sourceTree = "<group>";
		};
		E69A1DFF1D61BAFD0064E6C1 /* Resources */ = {
			isa = PBXGroup;
			children = (
				08293A4D1EDC62FC008CE02E /* Accessibility.strings */,
				6FEB51601DB0A8FA002D1751 /* airplay.png */,
				6FEB51611DB0A8FB002D1751 /* airplay@2x.png */,
				6FEB51621DB0A8FB002D1751 /* airplay@3x.png */,
				08D3BEB81DE7699500AE1368 /* alternate_tracks_button_selected.png */,
				08D3BEB91DE7699500AE1368 /* alternate_tracks_button_selected@2x.png */,
				08D3BEBA1DE7699500AE1368 /* alternate_tracks_button_selected@3x.png */,
				08D3BEB21DE7671E00AE1368 /* alternate_tracks_button.png */,
				08D3BEB31DE7671E00AE1368 /* alternate_tracks_button@2x.png */,
				08D3BEB41DE7671E00AE1368 /* alternate_tracks_button@3x.png */,
				E69A1E001D61BAFD0064E6C1 /* Localizable.strings */,
				E69A1E051D61BAFD0064E6C1 /* picture_in_picture_start_button.png */,
				E69A1E061D61BAFD0064E6C1 /* picture_in_picture_start_button@2x.png */,
				6FEB51661DB0A909002D1751 /* picture_in_picture_start_button@3x.png */,
				E69A1E071D61BAFD0064E6C1 /* picture_in_picture_stop_button.png */,
				E69A1E081D61BAFD0064E6C1 /* picture_in_picture_stop_button@2x.png */,
				6FEB51671DB0A909002D1751 /* picture_in_picture_stop_button@3x.png */,
				E69A1E0A1D61BAFD0064E6C1 /* thumb_timeline_slider.png */,
				E69A1E0B1D61BAFD0064E6C1 /* thumb_timeline_slider@2x.png */,
			);
			path = Resources;
			sourceTree = "<group>";
		};
		E69A1F571D61BFAE0064E6C1 /* Demo */ = {
			isa = PBXGroup;
			children = (
				E69A1F711D61BFAE0064E6C1 /* Sources */,
				E69A1F5A1D61BFAE0064E6C1 /* Resources */,
				E69A1F581D61BFAE0064E6C1 /* Info.plist */,
			);
			path = Demo;
			sourceTree = "<group>";
		};
		E69A1F5A1D61BFAE0064E6C1 /* Resources */ = {
			isa = PBXGroup;
			children = (
				E69A1F5B1D61BFAE0064E6C1 /* audios@2x.png */,
				E69A1F5C1D61BFAE0064E6C1 /* AudioURLs.plist */,
				E69A1F5D1D61BFAE0064E6C1 /* close_button.png */,
				E69A1F5E1D61BFAE0064E6C1 /* close_button@2x.png */,
				E69A1F5F1D61BFAE0064E6C1 /* goal.png */,
				E69A1F601D61BFAE0064E6C1 /* goal@2x.png */,
				E69A1F611D61BFAE0064E6C1 /* Images.xcassets */,
				E69A1F641D61BFAE0064E6C1 /* LaunchImage.png */,
				E6C315661D76AB62001FC93A /* LaunchScreen.xib */,
				08F4E5411E7FE76900C9E8FD /* Localizable.strings */,
				E69A1F651D61BFAE0064E6C1 /* MediaURLs.plist */,
				E69A1F661D61BFAE0064E6C1 /* MultiplayerURLs.plist */,
				E69A1F671D61BFAE0064E6C1 /* red_card.png */,
				E69A1F681D61BFAE0064E6C1 /* red_card@2x.png */,
				E69A1F691D61BFAE0064E6C1 /* screen@2x.png */,
				E69A1F6A1D61BFAE0064E6C1 /* segments@2x.png */,
				E6BCE95A1D76CF7D0021973D /* SegmentURLs.plist */,
				E69A1F6B1D61BFAE0064E6C1 /* thumbnail-placeholder.png */,
				E69A1F6C1D61BFAE0064E6C1 /* thumbnail-placeholder@2x.png */,
				E69A1F6D1D61BFAE0064E6C1 /* TimeshiftURLs.plist */,
				E69A1F6E1D61BFAE0064E6C1 /* videos@2x.png */,
				E69A1F6F1D61BFAE0064E6C1 /* yellow_card.png */,
				E69A1F701D61BFAE0064E6C1 /* yellow_card@2x.png */,
			);
			path = Resources;
			sourceTree = "<group>";
		};
		E69A1F711D61BFAE0064E6C1 /* Sources */ = {
			isa = PBXGroup;
			children = (
				E6D21D181D76A3F500B477F3 /* Application */,
				6F97C7951E7A89C5001AD9B3 /* Helpers */,
				E6D21D1C1D76A3F500B477F3 /* Medias */,
				E6BCE9391D76CB900021973D /* Players */,
			);
			path = Sources;
			sourceTree = "<group>";
		};
		E69A1FCC1D61C32D0064E6C1 /* Frameworks */ = {
			isa = PBXGroup;
			children = (
				E6B0276E1D7EF76700012FDF /* libextobjc.framework */,
				6FB97FDD1E4A0E080014C4C2 /* MAKVONotificationCenter.framework */,
				6FA09D791D9E9C1500EDCA64 /* SRGLogger.framework */,
			);
			name = Frameworks;
			sourceTree = "<group>";
		};
		E69A1FD21D61C6830064E6C1 /* Tests */ = {
			isa = PBXGroup;
			children = (
				E69A1FDC1D61C6D20064E6C1 /* Sources */,
				E69A1FD51D61C6830064E6C1 /* Info.plist */,
			);
			path = Tests;
			sourceTree = "<group>";
		};
		E69A1FDC1D61C6D20064E6C1 /* Sources */ = {
			isa = PBXGroup;
			children = (
				6FA1D6071F42C11600C85D15 /* Helpers */,
				6FE7D5EA1F86237D00817E89 /* MetadataUpdatesTestCase.m */,
				E69A1FDE1D61C6D20064E6C1 /* PlaybackTestCase.m */,
				E69A1FE01D61C6D20064E6C1 /* Segment.h */,
				E69A1FE11D61C6D20064E6C1 /* Segment.m */,
				E69A1FDF1D61C6D20064E6C1 /* SegmentsTestCase.m */,
			);
			path = Sources;
			sourceTree = "<group>";
		};
		E6BCE9391D76CB900021973D /* Players */ = {
			isa = PBXGroup;
			children = (
				E6BCE93A1D76CB900021973D /* Inline */,
				E6BCE93E1D76CB900021973D /* Multi */,
				E6BCE9421D76CB900021973D /* Segments */,
				E6BCE94A1D76CB900021973D /* Timeshift */,
			);
			path = Players;
			sourceTree = "<group>";
		};
		E6BCE93A1D76CB900021973D /* Inline */ = {
			isa = PBXGroup;
			children = (
				E6BCE93B1D76CB900021973D /* InlinePlayerViewController.h */,
				E6BCE93C1D76CB900021973D /* InlinePlayerViewController.m */,
				E6BCE93D1D76CB900021973D /* InlinePlayerViewController.storyboard */,
			);
			path = Inline;
			sourceTree = "<group>";
		};
		E6BCE93E1D76CB900021973D /* Multi */ = {
			isa = PBXGroup;
			children = (
				E6BCE93F1D76CB900021973D /* MultiPlayerViewController.h */,
				E6BCE9401D76CB900021973D /* MultiPlayerViewController.m */,
				E6BCE9411D76CB900021973D /* MultiPlayerViewController.storyboard */,
			);
			path = Multi;
			sourceTree = "<group>";
		};
		E6BCE9421D76CB900021973D /* Segments */ = {
			isa = PBXGroup;
			children = (
				E6BCE9431D76CB900021973D /* Segment.h */,
				E6BCE9441D76CB900021973D /* Segment.m */,
				E6BCE9451D76CB900021973D /* SegmentCollectionViewCell.h */,
				E6BCE9461D76CB900021973D /* SegmentCollectionViewCell.m */,
				E6BCE9471D76CB900021973D /* SegmentCollectionViewCell.xib */,
				E6BCE9481D76CB900021973D /* SegmentsPlayerViewController.h */,
				E6BCE9491D76CB900021973D /* SegmentsPlayerViewController.m */,
				E6BCE9581D76CBCE0021973D /* SegmentsPlayerViewController.storyboard */,
			);
			path = Segments;
			sourceTree = "<group>";
		};
		E6BCE94A1D76CB900021973D /* Timeshift */ = {
			isa = PBXGroup;
			children = (
				E6BCE94B1D76CB900021973D /* TimeshiftPlayerViewController.h */,
				E6BCE94C1D76CB900021973D /* TimeshiftPlayerViewController.m */,
				E6BCE94D1D76CB900021973D /* TimeshiftPlayerViewController.storyboard */,
			);
			path = Timeshift;
			sourceTree = "<group>";
		};
		E6D21D181D76A3F500B477F3 /* Application */ = {
			isa = PBXGroup;
			children = (
				E6D21D191D76A3F500B477F3 /* AppDelegate.h */,
				E6D21D1A1D76A3F500B477F3 /* AppDelegate.m */,
				E6D21D1B1D76A3F500B477F3 /* main.m */,
			);
			path = Application;
			sourceTree = "<group>";
		};
		E6D21D1C1D76A3F500B477F3 /* Medias */ = {
			isa = PBXGroup;
			children = (
				E6C315751D76B2AA001FC93A /* MediasViewController.storyboard */,
				E6D21D1D1D76A3F500B477F3 /* MediasViewController.h */,
				E6D21D1E1D76A3F500B477F3 /* MediasViewController.m */,
			);
			path = Medias;
			sourceTree = "<group>";
		};
		E6FC7F2E1D62072400A55085 /* Sources */ = {
			isa = PBXGroup;
			children = (
				E6FC7F2F1D62072400A55085 /* Core */,
				E6FC7F411D62072400A55085 /* Helpers */,
				E6FC7F461D62072400A55085 /* Overlays */,
				E6FC7F571D62072400A55085 /* Player */,
				E6FC7F611D62072400A55085 /* Protocols */,
			);
			path = Sources;
			sourceTree = "<group>";
		};
		E6FC7F2F1D62072400A55085 /* Core */ = {
			isa = PBXGroup;
			children = (
				E6FC7F301D62072400A55085 /* SRGActivityGestureRecognizer.h */,
				E6FC7F311D62072400A55085 /* SRGActivityGestureRecognizer.m */,
				E6FC7F321D62072400A55085 /* SRGMediaPlayerConstants.h */,
				E6E49F621D7029F9006CB883 /* SRGMediaPlayerConstants.m */,
				E6FC7F331D62072400A55085 /* SRGMediaPlayerError.h */,
				E6C986101D70142D00C45C7A /* SRGMediaPlayerError.m */,
				E6FC7F341D62072400A55085 /* SRGMediaPlayerIconTemplate.h */,
				E6FC7F351D62072400A55085 /* SRGMediaPlayerIconTemplate.m */,
				6FA09D281D9E69EE00EDCA64 /* SRGMediaPlayerLogger.h */,
				E6FC7F381D62072400A55085 /* SRGMediaPlayerView.h */,
				E6FC7F391D62072400A55085 /* SRGMediaPlayerView.m */,
				6F68E7561DAE0877001F39C4 /* SRGMediaPlayerView+Private.h */,
				E6FC7F3A1D62072400A55085 /* SRGPeriodicTimeObserver.h */,
				E6FC7F3B1D62072400A55085 /* SRGPeriodicTimeObserver.m */,
			);
			path = Core;
			sourceTree = "<group>";
		};
		E6FC7F411D62072400A55085 /* Helpers */ = {
			isa = PBXGroup;
			children = (
				6F0D05191DB89CF300ED9E4B /* AVAudioSession+SRGMediaPlayer.h */,
				6F0D051A1DB89CF300ED9E4B /* AVAudioSession+SRGMediaPlayer.m */,
				6F90A5681F3C2C9700E42066 /* AVPlayer+SRGMediaPlayer.h */,
				6F90A5691F3C2C9700E42066 /* AVPlayer+SRGMediaPlayer.m */,
				6FEB516A1DB0AA03002D1751 /* MPVolumeView+SRGMediaPlayer.h */,
				6FEB516B1DB0AA03002D1751 /* MPVolumeView+SRGMediaPlayer.m */,
				E6FC7F421D62072400A55085 /* NSBundle+SRGMediaPlayer.h */,
				E6FC7F431D62072400A55085 /* NSBundle+SRGMediaPlayer.m */,
				E6FC7F441D62072400A55085 /* UIBezierPath+SRGMediaPlayer.h */,
				E6FC7F451D62072400A55085 /* UIBezierPath+SRGMediaPlayer.m */,
				6F0D051D1DB89E9B00ED9E4B /* UIScreen+SRGMediaPlayer.h */,
				6F0D051E1DB89E9B00ED9E4B /* UIScreen+SRGMediaPlayer.m */,
				6F0F2A3F1EDEFB48001423F4 /* UIWindow+SRGMediaPlayer.h */,
				6F0F2A401EDEFB48001423F4 /* UIWindow+SRGMediaPlayer.m */,
			);
			path = Helpers;
			sourceTree = "<group>";
		};
		E6FC7F461D62072400A55085 /* Overlays */ = {
			isa = PBXGroup;
			children = (
				6F5D66431DAFCDF1009AD6DD /* SRGAirplayButton.h */,
				6F5D66441DAFCDF1009AD6DD /* SRGAirplayButton.m */,
				E6FC7F471D62072400A55085 /* SRGAirplayView.h */,
				E6FC7F481D62072400A55085 /* SRGAirplayView.m */,
				08D3BEBE1DE8756400AE1368 /* SRGAlternateTracksViewController.h */,
				08D3BEBF1DE8756500AE1368 /* SRGAlternateTracksViewController.m */,
				E6FC7F4D1D62072400A55085 /* SRGPictureInPictureButton.h */,
				E6FC7F4E1D62072400A55085 /* SRGPictureInPictureButton.m */,
				E6FC7F4F1D62072400A55085 /* SRGPlaybackActivityIndicatorView.h */,
				E6FC7F501D62072400A55085 /* SRGPlaybackActivityIndicatorView.m */,
				E6FC7F4B1D62072400A55085 /* SRGPlaybackButton.h */,
				E6FC7F4C1D62072400A55085 /* SRGPlaybackButton.m */,
				E6FC7F511D62072400A55085 /* SRGTimelineSlider.h */,
				E6FC7F521D62072400A55085 /* SRGTimelineSlider.m */,
				E67799301D75AE2500E58331 /* SRGTimelineView.h */,
				E67799311D75AE2500E58331 /* SRGTimelineView.m */,
				E6FC7F531D62072400A55085 /* SRGTimeSlider.h */,
				E6FC7F541D62072400A55085 /* SRGTimeSlider.m */,
				08D3BEAE1DE6EAB100AE1368 /* SRGTracksButton.h */,
				08D3BEAF1DE6EAB100AE1368 /* SRGTracksButton.m */,
				E6FC7F551D62072400A55085 /* SRGVolumeView.h */,
				E6FC7F561D62072400A55085 /* SRGVolumeView.m */,
			);
			path = Overlays;
			sourceTree = "<group>";
		};
		E6FC7F571D62072400A55085 /* Player */ = {
			isa = PBXGroup;
			children = (
				E6FC7F5A1D62072400A55085 /* SRGMediaPlayerController.h */,
				E6FC7F5B1D62072400A55085 /* SRGMediaPlayerController.m */,
				E6FC7F5C1D62072400A55085 /* SRGMediaPlayerSharedController.h */,
				E6FC7F5D1D62072400A55085 /* SRGMediaPlayerSharedController.m */,
				E6FC7F5E1D62072400A55085 /* SRGMediaPlayerViewController.h */,
				E6FC7F5F1D62072400A55085 /* SRGMediaPlayerViewController.m */,
				E6BCE9621D7943F50021973D /* SRGMediaPlayerViewController.storyboard */,
			);
			path = Player;
			sourceTree = "<group>";
		};
		E6FC7F611D62072400A55085 /* Protocols */ = {
			isa = PBXGroup;
			children = (
				E6FC7F631D62072400A55085 /* SRGSegment.h */,
			);
			path = Protocols;
			sourceTree = "<group>";
		};
/* End PBXGroup section */

/* Begin PBXHeadersBuildPhase section */
		E69A1DA61D61B9380064E6C1 /* Headers */ = {
			isa = PBXHeadersBuildPhase;
			buildActionMask = 2147483647;
			files = (
				08D3BEB01DE6EAB100AE1368 /* SRGTracksButton.h in Headers */,
				6F0D051B1DB89CF300ED9E4B /* AVAudioSession+SRGMediaPlayer.h in Headers */,
				E67799321D75AE2600E58331 /* SRGTimelineView.h in Headers */,
				E6FC7F6F1D62072400A55085 /* SRGMediaPlayerIconTemplate.h in Headers */,
				6F5D66451DAFCDF1009AD6DD /* SRGAirplayButton.h in Headers */,
				E67799341D75B0E300E58331 /* SRGTimelineSlider.h in Headers */,
				E6FC7F731D62072400A55085 /* SRGMediaPlayerView.h in Headers */,
				E6FC7F791D62072400A55085 /* UIBezierPath+SRGMediaPlayer.h in Headers */,
				6F90A56A1F3C2C9700E42066 /* AVPlayer+SRGMediaPlayer.h in Headers */,
				E6C9860C1D6F42CB00C45C7A /* SRGPlaybackActivityIndicatorView.h in Headers */,
				E6FC7F6D1D62072400A55085 /* SRGMediaPlayerConstants.h in Headers */,
				6F68E7581DAE0877001F39C4 /* SRGMediaPlayerView+Private.h in Headers */,
				E6C9861B1D701BA700C45C7A /* SRGMediaPlayerViewController.h in Headers */,
				E6FC7F8D1D62072400A55085 /* SRGMediaPlayerController.h in Headers */,
				E69A1E621D61BAFD0064E6C1 /* SRGMediaPlayer.h in Headers */,
				6FEB516C1DB0AA03002D1751 /* MPVolumeView+SRGMediaPlayer.h in Headers */,
				6F0F2A411EDEFB48001423F4 /* UIWindow+SRGMediaPlayer.h in Headers */,
				E6FC7F6B1D62072400A55085 /* SRGActivityGestureRecognizer.h in Headers */,
				E6C986181D70182300C45C7A /* SRGPictureInPictureButton.h in Headers */,
				E6FC7F951D62072400A55085 /* SRGSegment.h in Headers */,
				E6C986131D7014A000C45C7A /* SRGAirplayView.h in Headers */,
				E6C9860E1D6F458900C45C7A /* SRGTimeSlider.h in Headers */,
				08D3BEC01DE8756500AE1368 /* SRGAlternateTracksViewController.h in Headers */,
				E6C9861E1D701D3800C45C7A /* SRGMediaPlayerSharedController.h in Headers */,
				E6C986161D7015F600C45C7A /* SRGVolumeView.h in Headers */,
				E6FC7F6E1D62072400A55085 /* SRGMediaPlayerError.h in Headers */,
				6FA09D2A1D9E69EE00EDCA64 /* SRGMediaPlayerLogger.h in Headers */,
				6F0D051F1DB89E9B00ED9E4B /* UIScreen+SRGMediaPlayer.h in Headers */,
				E6FC7F771D62072400A55085 /* NSBundle+SRGMediaPlayer.h in Headers */,
				E6C9860A1D6F36C900C45C7A /* SRGPlaybackButton.h in Headers */,
				E6FC7F751D62072400A55085 /* SRGPeriodicTimeObserver.h in Headers */,
			);
			runOnlyForDeploymentPostprocessing = 0;
		};
/* End PBXHeadersBuildPhase section */

/* Begin PBXNativeTarget section */
		E69A1DA81D61B9380064E6C1 /* SRGMediaPlayer */ = {
			isa = PBXNativeTarget;
			buildConfigurationList = E69A1DAE1D61B9380064E6C1 /* Build configuration list for PBXNativeTarget "SRGMediaPlayer" */;
			buildPhases = (
				E69A1DA41D61B9380064E6C1 /* Sources */,
				E69A1DA51D61B9380064E6C1 /* Frameworks */,
				E69A1DA61D61B9380064E6C1 /* Headers */,
				E69A1DA71D61B9380064E6C1 /* Resources */,
				6F1D6D011DAF4FF10072C107 /* Copy Framework Dependencies For Xcode View Rendering */,
			);
			buildRules = (
			);
			dependencies = (
			);
			name = SRGMediaPlayer;
			productName = SRGMediaPlayer;
			productReference = E69A1DA91D61B9380064E6C1 /* SRGMediaPlayer.framework */;
			productType = "com.apple.product-type.framework";
		};
		E69A1E661D61BEFC0064E6C1 /* SRGMediaPlayer-demo */ = {
			isa = PBXNativeTarget;
			buildConfigurationList = E69A1E7B1D61BEFC0064E6C1 /* Build configuration list for PBXNativeTarget "SRGMediaPlayer-demo" */;
			buildPhases = (
				E69A1E631D61BEFC0064E6C1 /* Sources */,
				E69A1E641D61BEFC0064E6C1 /* Frameworks */,
				E69A1E651D61BEFC0064E6C1 /* Resources */,
				E69A1FC31D61C0180064E6C1 /* Embed Frameworks */,
			);
			buildRules = (
			);
			dependencies = (
				E69A1FC21D61C0180064E6C1 /* PBXTargetDependency */,
			);
			name = "SRGMediaPlayer-demo";
			productName = "SRGMediaPlayer-demo";
			productReference = E69A1E671D61BEFC0064E6C1 /* SRGMediaPlayer-demo.app */;
			productType = "com.apple.product-type.application";
		};
		E69A1FD01D61C6830064E6C1 /* SRGMediaPlayer-tests */ = {
			isa = PBXNativeTarget;
			buildConfigurationList = E69A1FD91D61C6830064E6C1 /* Build configuration list for PBXNativeTarget "SRGMediaPlayer-tests" */;
			buildPhases = (
				E69A1FCD1D61C6830064E6C1 /* Sources */,
				E69A1FCE1D61C6830064E6C1 /* Frameworks */,
				E69A1FCF1D61C6830064E6C1 /* Resources */,
				E65490981D7F2E9B007D96E7 /* Copy Frameworks Into Test Bundle */,
			);
			buildRules = (
			);
			dependencies = (
				E69A1FD81D61C6830064E6C1 /* PBXTargetDependency */,
			);
			name = "SRGMediaPlayer-tests";
			productName = "SRGMediaPlayer-tests";
			productReference = E69A1FD11D61C6830064E6C1 /* SRGMediaPlayer-tests.xctest */;
			productType = "com.apple.product-type.bundle.unit-test";
		};
/* End PBXNativeTarget section */

/* Begin PBXProject section */
		C201D8ED1A9DC1A40016C629 /* Project object */ = {
			isa = PBXProject;
			attributes = {
				CLASSPREFIX = SRG;
				LastUpgradeCheck = 0900;
				ORGANIZATIONNAME = "SRG SSR";
				TargetAttributes = {
					E69A1DA81D61B9380064E6C1 = {
						CreatedOnToolsVersion = 7.3.1;
					};
					E69A1E661D61BEFC0064E6C1 = {
						CreatedOnToolsVersion = 7.3.1;
						DevelopmentTeam = VMGRRW6SG7;
					};
					E69A1FD01D61C6830064E6C1 = {
						CreatedOnToolsVersion = 7.3.1;
					};
				};
			};
			buildConfigurationList = C201D8F01A9DC1A40016C629 /* Build configuration list for PBXProject "SRGMediaPlayer" */;
			compatibilityVersion = "Xcode 3.2";
			developmentRegion = English;
			hasScannedForEncodings = 0;
			knownRegions = (
				en,
				fr,
				de,
				it,
				rm,
				Base,
			);
			mainGroup = C201D8EC1A9DC1A40016C629;
			productRefGroup = C201D8F61A9DC1A40016C629 /* Products */;
			projectDirPath = "";
			projectRoot = "";
			targets = (
				E69A1DA81D61B9380064E6C1 /* SRGMediaPlayer */,
				E69A1FD01D61C6830064E6C1 /* SRGMediaPlayer-tests */,
				E69A1E661D61BEFC0064E6C1 /* SRGMediaPlayer-demo */,
			);
		};
/* End PBXProject section */

/* Begin PBXResourcesBuildPhase section */
		E69A1DA71D61B9380064E6C1 /* Resources */ = {
			isa = PBXResourcesBuildPhase;
			buildActionMask = 2147483647;
			files = (
				08D3BEBD1DE7699500AE1368 /* alternate_tracks_button_selected@3x.png in Resources */,
				08D3BEB51DE7671E00AE1368 /* alternate_tracks_button.png in Resources */,
				E6C315671D76AB62001FC93A /* LaunchScreen.xib in Resources */,
				E69A1E581D61BAFD0064E6C1 /* picture_in_picture_start_button@2x.png in Resources */,
				E69A1E5C1D61BAFD0064E6C1 /* thumb_timeline_slider@2x.png in Resources */,
				E69A1E5B1D61BAFD0064E6C1 /* thumb_timeline_slider.png in Resources */,
				6FEB51651DB0A8FB002D1751 /* airplay@3x.png in Resources */,
				6FEB51641DB0A8FB002D1751 /* airplay@2x.png in Resources */,
				E69A1E561D61BAFD0064E6C1 /* Localizable.strings in Resources */,
				E69A1E591D61BAFD0064E6C1 /* picture_in_picture_stop_button.png in Resources */,
				08D3BEBB1DE7699500AE1368 /* alternate_tracks_button_selected.png in Resources */,
				E69A1E571D61BAFD0064E6C1 /* picture_in_picture_start_button.png in Resources */,
				E6BCE9631D7943F50021973D /* SRGMediaPlayerViewController.storyboard in Resources */,
				08D3BEB71DE7671E00AE1368 /* alternate_tracks_button@3x.png in Resources */,
				08D3BEBC1DE7699500AE1368 /* alternate_tracks_button_selected@2x.png in Resources */,
				6FEB51681DB0A909002D1751 /* picture_in_picture_start_button@3x.png in Resources */,
				E69A1E5A1D61BAFD0064E6C1 /* picture_in_picture_stop_button@2x.png in Resources */,
				08293A4B1EDC62FC008CE02E /* Accessibility.strings in Resources */,
				6FEB51631DB0A8FB002D1751 /* airplay.png in Resources */,
				08D3BEB61DE7671E00AE1368 /* alternate_tracks_button@2x.png in Resources */,
				6FEB51691DB0A909002D1751 /* picture_in_picture_stop_button@3x.png in Resources */,
			);
			runOnlyForDeploymentPostprocessing = 0;
		};
		E69A1E651D61BEFC0064E6C1 /* Resources */ = {
			isa = PBXResourcesBuildPhase;
			buildActionMask = 2147483647;
			files = (
				E6BCE9541D76CB900021973D /* SegmentCollectionViewCell.xib in Resources */,
				E69A1FA41D61BFAE0064E6C1 /* red_card@2x.png in Resources */,
				E69A1F9A1D61BFAE0064E6C1 /* close_button@2x.png in Resources */,
				E6BCE9511D76CB900021973D /* MultiPlayerViewController.storyboard in Resources */,
				E69A1F9D1D61BFAE0064E6C1 /* Images.xcassets in Resources */,
				E6C315761D76B2AA001FC93A /* MediasViewController.storyboard in Resources */,
				E6BCE95B1D76CF7D0021973D /* SegmentURLs.plist in Resources */,
				E6BCE9591D76CBCE0021973D /* SegmentsPlayerViewController.storyboard in Resources */,
				E69A1FA71D61BFAE0064E6C1 /* thumbnail-placeholder.png in Resources */,
				E69A1F991D61BFAE0064E6C1 /* close_button.png in Resources */,
				E69A1F9B1D61BFAE0064E6C1 /* goal.png in Resources */,
				E69A1FA31D61BFAE0064E6C1 /* red_card.png in Resources */,
				E69A1FA81D61BFAE0064E6C1 /* thumbnail-placeholder@2x.png in Resources */,
				E6BCE94F1D76CB900021973D /* InlinePlayerViewController.storyboard in Resources */,
				E69A1FA21D61BFAE0064E6C1 /* MultiplayerURLs.plist in Resources */,
				E69A1FAC1D61BFAE0064E6C1 /* yellow_card@2x.png in Resources */,
				E69A1FA91D61BFAE0064E6C1 /* TimeshiftURLs.plist in Resources */,
				08F4E53F1E7FE76900C9E8FD /* Localizable.strings in Resources */,
				E69A1FA51D61BFAE0064E6C1 /* screen@2x.png in Resources */,
				E69A1F981D61BFAE0064E6C1 /* AudioURLs.plist in Resources */,
				E69A1FA61D61BFAE0064E6C1 /* segments@2x.png in Resources */,
				E69A1FAA1D61BFAE0064E6C1 /* videos@2x.png in Resources */,
				E69A1F9C1D61BFAE0064E6C1 /* goal@2x.png in Resources */,
				E69A1F971D61BFAE0064E6C1 /* audios@2x.png in Resources */,
				E69A1FA01D61BFAE0064E6C1 /* LaunchImage.png in Resources */,
				E69A1FA11D61BFAE0064E6C1 /* MediaURLs.plist in Resources */,
				E6BCE9571D76CB900021973D /* TimeshiftPlayerViewController.storyboard in Resources */,
				E69A1FAB1D61BFAE0064E6C1 /* yellow_card.png in Resources */,
			);
			runOnlyForDeploymentPostprocessing = 0;
		};
		E69A1FCF1D61C6830064E6C1 /* Resources */ = {
			isa = PBXResourcesBuildPhase;
			buildActionMask = 2147483647;
			files = (
			);
			runOnlyForDeploymentPostprocessing = 0;
		};
/* End PBXResourcesBuildPhase section */

/* Begin PBXSourcesBuildPhase section */
		E69A1DA41D61B9380064E6C1 /* Sources */ = {
			isa = PBXSourcesBuildPhase;
			buildActionMask = 2147483647;
			files = (
				6F5D66461DAFCDF1009AD6DD /* SRGAirplayButton.m in Sources */,
				E6C986191D70182300C45C7A /* SRGPictureInPictureButton.m in Sources */,
				E6FC7F781D62072400A55085 /* NSBundle+SRGMediaPlayer.m in Sources */,
				6F0F2A421EDEFB48001423F4 /* UIWindow+SRGMediaPlayer.m in Sources */,
				E6FC7F741D62072400A55085 /* SRGMediaPlayerView.m in Sources */,
				08D3BEB11DE6EAB100AE1368 /* SRGTracksButton.m in Sources */,
				6F0D051C1DB89CF300ED9E4B /* AVAudioSession+SRGMediaPlayer.m in Sources */,
				6FEB516D1DB0AA03002D1751 /* MPVolumeView+SRGMediaPlayer.m in Sources */,
				6F90A56B1F3C2C9700E42066 /* AVPlayer+SRGMediaPlayer.m in Sources */,
				E6C9860B1D6F36C900C45C7A /* SRGPlaybackButton.m in Sources */,
				E6C9861F1D701D3800C45C7A /* SRGMediaPlayerSharedController.m in Sources */,
				E6FC7F8E1D62072400A55085 /* SRGMediaPlayerController.m in Sources */,
				E6C986111D70142D00C45C7A /* SRGMediaPlayerError.m in Sources */,
				E6C986171D7015F600C45C7A /* SRGVolumeView.m in Sources */,
				E6C9860D1D6F42CB00C45C7A /* SRGPlaybackActivityIndicatorView.m in Sources */,
				E6FC7F701D62072400A55085 /* SRGMediaPlayerIconTemplate.m in Sources */,
				08D3BEC11DE8756500AE1368 /* SRGAlternateTracksViewController.m in Sources */,
				E67799331D75AE2600E58331 /* SRGTimelineView.m in Sources */,
				6F0D05201DB89E9B00ED9E4B /* UIScreen+SRGMediaPlayer.m in Sources */,
				E67799351D75B0E300E58331 /* SRGTimelineSlider.m in Sources */,
				E6C9860F1D6F458900C45C7A /* SRGTimeSlider.m in Sources */,
				E6C9861C1D701BA700C45C7A /* SRGMediaPlayerViewController.m in Sources */,
				E6FC7F9D1D62097E00A55085 /* SRGMediaPlayer.m in Sources */,
				E6E49F631D7029F9006CB883 /* SRGMediaPlayerConstants.m in Sources */,
				E6C986121D70149E00C45C7A /* SRGAirplayView.m in Sources */,
				E6FC7F6C1D62072400A55085 /* SRGActivityGestureRecognizer.m in Sources */,
				E6FC7F7A1D62072400A55085 /* UIBezierPath+SRGMediaPlayer.m in Sources */,
				E6FC7F761D62072400A55085 /* SRGPeriodicTimeObserver.m in Sources */,
			);
			runOnlyForDeploymentPostprocessing = 0;
		};
		E69A1E631D61BEFC0064E6C1 /* Sources */ = {
			isa = PBXSourcesBuildPhase;
			buildActionMask = 2147483647;
			files = (
				E6D21D221D76A3F500B477F3 /* AppDelegate.m in Sources */,
				6F8F08911EE7E20600C54ADA /* NSBundle+Demo.m in Sources */,
				E6BCE9561D76CB900021973D /* TimeshiftPlayerViewController.m in Sources */,
				E6D21D241D76A3F500B477F3 /* MediasViewController.m in Sources */,
				E6BCE94E1D76CB900021973D /* InlinePlayerViewController.m in Sources */,
				6F97C7981E7A89C5001AD9B3 /* ModalTransition.m in Sources */,
				E6BCE9551D76CB900021973D /* SegmentsPlayerViewController.m in Sources */,
				E6D21D231D76A3F500B477F3 /* main.m in Sources */,
				E6BCE9501D76CB900021973D /* MultiPlayerViewController.m in Sources */,
				E6BCE9521D76CB900021973D /* Segment.m in Sources */,
				E6BCE9531D76CB900021973D /* SegmentCollectionViewCell.m in Sources */,
			);
			runOnlyForDeploymentPostprocessing = 0;
		};
		E69A1FCD1D61C6830064E6C1 /* Sources */ = {
			isa = PBXSourcesBuildPhase;
			buildActionMask = 2147483647;
			files = (
				6FE7D5EB1F86237D00817E89 /* MetadataUpdatesTestCase.m in Sources */,
				E6BCE95F1D77F1A50021973D /* PlaybackTestCase.m in Sources */,
				E6BCE9641D794D6A0021973D /* SegmentsTestCase.m in Sources */,
				6F3C6DE01F738173007FB56B /* XCTestCase+MediaPlayerTests.m in Sources */,
				6FE7D5E81F85039000817E89 /* MediaPlayerBaseTestCase.m in Sources */,
				E69A1FE61D61C6D20064E6C1 /* Segment.m in Sources */,
			);
			runOnlyForDeploymentPostprocessing = 0;
		};
/* End PBXSourcesBuildPhase section */

/* Begin PBXTargetDependency section */
		E69A1FC21D61C0180064E6C1 /* PBXTargetDependency */ = {
			isa = PBXTargetDependency;
			target = E69A1DA81D61B9380064E6C1 /* SRGMediaPlayer */;
			targetProxy = E69A1FC11D61C0180064E6C1 /* PBXContainerItemProxy */;
		};
		E69A1FD81D61C6830064E6C1 /* PBXTargetDependency */ = {
			isa = PBXTargetDependency;
			target = E69A1DA81D61B9380064E6C1 /* SRGMediaPlayer */;
			targetProxy = E69A1FD71D61C6830064E6C1 /* PBXContainerItemProxy */;
		};
/* End PBXTargetDependency section */

/* Begin PBXVariantGroup section */
		08293A4D1EDC62FC008CE02E /* Accessibility.strings */ = {
			isa = PBXVariantGroup;
			children = (
				08293A4C1EDC62FC008CE02E /* en */,
				08293A4E1EDC6303008CE02E /* fr */,
				08293A4F1EDC6305008CE02E /* de */,
				08293A501EDC6306008CE02E /* it */,
				08293A511EDC6307008CE02E /* rm */,
			);
			name = Accessibility.strings;
			sourceTree = "<group>";
		};
		08F4E5411E7FE76900C9E8FD /* Localizable.strings */ = {
			isa = PBXVariantGroup;
			children = (
				08F4E5401E7FE76900C9E8FD /* en */,
				08F4E5421E7FE76D00C9E8FD /* fr */,
				08F4E5431E7FE76F00C9E8FD /* de */,
				08F4E5441E7FE77000C9E8FD /* it */,
				08F4E5451E7FE77100C9E8FD /* rm */,
			);
			name = Localizable.strings;
			sourceTree = "<group>";
		};
		E69A1E001D61BAFD0064E6C1 /* Localizable.strings */ = {
			isa = PBXVariantGroup;
			children = (
				E69A1E011D61BAFD0064E6C1 /* de */,
				E69A1E021D61BAFD0064E6C1 /* en */,
				E69A1E031D61BAFD0064E6C1 /* fr */,
				E69A1E041D61BAFD0064E6C1 /* it */,
				E69A1E091D61BAFD0064E6C1 /* rm */,
			);
			name = Localizable.strings;
			sourceTree = "<group>";
		};
/* End PBXVariantGroup section */

/* Begin XCBuildConfiguration section */
		C201D9071A9DC1A40016C629 /* Debug */ = {
			isa = XCBuildConfiguration;
			buildSettings = {
				ALWAYS_SEARCH_USER_PATHS = NO;
				BUILD_NUMBER = 1;
				CLANG_ANALYZER_LOCALIZABILITY_NONLOCALIZED = YES;
				CLANG_ANALYZER_NONNULL = YES;
				CLANG_ENABLE_MODULES = YES;
				CLANG_ENABLE_OBJC_ARC = YES;
				CLANG_WARN_BLOCK_CAPTURE_AUTORELEASING = YES;
				CLANG_WARN_BOOL_CONVERSION = YES;
				CLANG_WARN_COMMA = YES;
				CLANG_WARN_CONSTANT_CONVERSION = YES;
				CLANG_WARN_DIRECT_OBJC_ISA_USAGE = YES_ERROR;
				CLANG_WARN_EMPTY_BODY = YES;
				CLANG_WARN_ENUM_CONVERSION = YES;
				CLANG_WARN_INFINITE_RECURSION = YES;
				CLANG_WARN_INT_CONVERSION = YES;
				CLANG_WARN_NON_LITERAL_NULL_CONVERSION = YES;
				CLANG_WARN_OBJC_LITERAL_CONVERSION = YES;
				CLANG_WARN_OBJC_ROOT_CLASS = YES_ERROR;
				CLANG_WARN_RANGE_LOOP_ANALYSIS = YES;
				CLANG_WARN_SUSPICIOUS_MOVE = YES;
				CLANG_WARN_UNREACHABLE_CODE = YES;
				CLANG_WARN__DUPLICATE_METHOD_MATCH = YES;
				COPY_PHASE_STRIP = NO;
				CURRENT_PROJECT_VERSION = "$(BUILD_NUMBER)";
				DYLIB_COMPATIBILITY_VERSION = "$(BUILD_NUMBER)";
				DYLIB_CURRENT_VERSION = "$(BUILD_NUMBER)";
				ENABLE_STRICT_OBJC_MSGSEND = YES;
				ENABLE_TESTABILITY = YES;
				GCC_C_LANGUAGE_STANDARD = gnu99;
				GCC_NO_COMMON_BLOCKS = YES;
				GCC_OPTIMIZATION_LEVEL = 0;
				GCC_WARN_64_TO_32_BIT_CONVERSION = YES;
				GCC_WARN_ABOUT_RETURN_TYPE = YES_ERROR;
				GCC_WARN_UNDECLARED_SELECTOR = YES;
				GCC_WARN_UNINITIALIZED_AUTOS = YES_AGGRESSIVE;
				GCC_WARN_UNUSED_FUNCTION = YES;
				GCC_WARN_UNUSED_VARIABLE = YES;
				IPHONEOS_DEPLOYMENT_TARGET = 8.0;
				MARKETING_VERSION = 2.0.6;
				ONLY_ACTIVE_ARCH = YES;
				SDKROOT = iphoneos;
				TARGETED_DEVICE_FAMILY = "1,2";
			};
			name = Debug;
		};
		C201D9081A9DC1A40016C629 /* Release */ = {
			isa = XCBuildConfiguration;
			buildSettings = {
				ALWAYS_SEARCH_USER_PATHS = NO;
				BUILD_NUMBER = 1;
				CLANG_ANALYZER_LOCALIZABILITY_NONLOCALIZED = YES;
				CLANG_ANALYZER_NONNULL = YES;
				CLANG_ENABLE_MODULES = YES;
				CLANG_ENABLE_OBJC_ARC = YES;
				CLANG_WARN_BLOCK_CAPTURE_AUTORELEASING = YES;
				CLANG_WARN_BOOL_CONVERSION = YES;
				CLANG_WARN_COMMA = YES;
				CLANG_WARN_CONSTANT_CONVERSION = YES;
				CLANG_WARN_DIRECT_OBJC_ISA_USAGE = YES_ERROR;
				CLANG_WARN_EMPTY_BODY = YES;
				CLANG_WARN_ENUM_CONVERSION = YES;
				CLANG_WARN_INFINITE_RECURSION = YES;
				CLANG_WARN_INT_CONVERSION = YES;
				CLANG_WARN_NON_LITERAL_NULL_CONVERSION = YES;
				CLANG_WARN_OBJC_LITERAL_CONVERSION = YES;
				CLANG_WARN_OBJC_ROOT_CLASS = YES_ERROR;
				CLANG_WARN_RANGE_LOOP_ANALYSIS = YES;
				CLANG_WARN_SUSPICIOUS_MOVE = YES;
				CLANG_WARN_UNREACHABLE_CODE = YES;
				CLANG_WARN__DUPLICATE_METHOD_MATCH = YES;
				COPY_PHASE_STRIP = YES;
				CURRENT_PROJECT_VERSION = "$(BUILD_NUMBER)";
				DYLIB_COMPATIBILITY_VERSION = "$(BUILD_NUMBER)";
				DYLIB_CURRENT_VERSION = "$(BUILD_NUMBER)";
				ENABLE_NS_ASSERTIONS = NO;
				ENABLE_STRICT_OBJC_MSGSEND = YES;
				GCC_C_LANGUAGE_STANDARD = gnu99;
				GCC_NO_COMMON_BLOCKS = YES;
				GCC_WARN_64_TO_32_BIT_CONVERSION = YES;
				GCC_WARN_ABOUT_RETURN_TYPE = YES_ERROR;
				GCC_WARN_UNDECLARED_SELECTOR = YES;
				GCC_WARN_UNINITIALIZED_AUTOS = YES_AGGRESSIVE;
				GCC_WARN_UNUSED_FUNCTION = YES;
				GCC_WARN_UNUSED_VARIABLE = YES;
				IPHONEOS_DEPLOYMENT_TARGET = 8.0;
				MARKETING_VERSION = 2.0.6;
				SDKROOT = iphoneos;
				TARGETED_DEVICE_FAMILY = "1,2";
				VALIDATE_PRODUCT = YES;
			};
			name = Release;
		};
		E69A1DAF1D61B9380064E6C1 /* Debug */ = {
			isa = XCBuildConfiguration;
			buildSettings = {
				CLANG_ANALYZER_NONNULL = YES;
				CLANG_CXX_LANGUAGE_STANDARD = "gnu++0x";
				CLANG_CXX_LIBRARY = "libc++";
				"CODE_SIGN_IDENTITY[sdk=iphoneos*]" = "";
				DEBUG_INFORMATION_FORMAT = dwarf;
				DEFINES_MODULE = YES;
				DYLIB_INSTALL_NAME_BASE = "@rpath";
				FRAMEWORK_SEARCH_PATHS = (
					"$(inherited)",
					"$(PROJECT_DIR)/Carthage/Build/iOS",
				);
				GCC_DYNAMIC_NO_PIC = NO;
				GCC_NO_COMMON_BLOCKS = YES;
				GCC_PREPROCESSOR_DEFINITIONS = (
					"DEBUG=1",
					"$(inherited)",
				);
				INFOPLIST_FILE = Framework/Info.plist;
				INSTALL_PATH = "$(LOCAL_LIBRARY_DIR)/Frameworks";
				LD_RUNPATH_SEARCH_PATHS = "$(inherited) @executable_path/Frameworks @loader_path/Frameworks";
				PRODUCT_BUNDLE_IDENTIFIER = ch.srgssr.SRGMediaPlayer;
				PRODUCT_NAME = "$(TARGET_NAME)";
				SKIP_INSTALL = YES;
				VERSIONING_SYSTEM = "apple-generic";
				VERSION_INFO_PREFIX = "";
			};
			name = Debug;
		};
		E69A1DB01D61B9380064E6C1 /* Release */ = {
			isa = XCBuildConfiguration;
			buildSettings = {
				CLANG_ANALYZER_NONNULL = YES;
				CLANG_CXX_LANGUAGE_STANDARD = "gnu++0x";
				CLANG_CXX_LIBRARY = "libc++";
				"CODE_SIGN_IDENTITY[sdk=iphoneos*]" = "";
				COPY_PHASE_STRIP = NO;
				DEBUG_INFORMATION_FORMAT = "dwarf-with-dsym";
				DEFINES_MODULE = YES;
				DYLIB_INSTALL_NAME_BASE = "@rpath";
				FRAMEWORK_SEARCH_PATHS = (
					"$(inherited)",
					"$(PROJECT_DIR)/Carthage/Build/iOS",
				);
				GCC_NO_COMMON_BLOCKS = YES;
				INFOPLIST_FILE = Framework/Info.plist;
				INSTALL_PATH = "$(LOCAL_LIBRARY_DIR)/Frameworks";
				LD_RUNPATH_SEARCH_PATHS = "$(inherited) @executable_path/Frameworks @loader_path/Frameworks";
				PRODUCT_BUNDLE_IDENTIFIER = ch.srgssr.SRGMediaPlayer;
				PRODUCT_NAME = "$(TARGET_NAME)";
				SKIP_INSTALL = YES;
				VERSIONING_SYSTEM = "apple-generic";
				VERSION_INFO_PREFIX = "";
			};
			name = Release;
		};
		E69A1E7C1D61BEFC0064E6C1 /* Debug */ = {
			isa = XCBuildConfiguration;
			buildSettings = {
				ASSETCATALOG_COMPILER_APPICON_NAME = AppIcon;
				CLANG_ANALYZER_NONNULL = YES;
				CLANG_CXX_LANGUAGE_STANDARD = "gnu++0x";
				CLANG_CXX_LIBRARY = "libc++";
				"CODE_SIGN_IDENTITY[sdk=iphoneos*]" = "iPhone Developer";
				DEBUG_INFORMATION_FORMAT = dwarf;
				DEVELOPMENT_TEAM = VMGRRW6SG7;
				FRAMEWORK_SEARCH_PATHS = (
					"$(inherited)",
					"$(PROJECT_DIR)/Carthage/Build/iOS",
				);
				GCC_DYNAMIC_NO_PIC = NO;
				GCC_NO_COMMON_BLOCKS = YES;
				GCC_PREPROCESSOR_DEFINITIONS = (
					"DEBUG=1",
					"$(inherited)",
				);
				INFOPLIST_FILE = Demo/Info.plist;
				IPHONEOS_DEPLOYMENT_TARGET = 8.0;
				LD_RUNPATH_SEARCH_PATHS = "$(inherited) @executable_path/Frameworks";
				PRODUCT_BUNDLE_IDENTIFIER = "ch.srgssr.SRGMediaPlayer-demo";
				PRODUCT_NAME = "$(TARGET_NAME)";
			};
			name = Debug;
		};
		E69A1E7D1D61BEFC0064E6C1 /* Release */ = {
			isa = XCBuildConfiguration;
			buildSettings = {
				ASSETCATALOG_COMPILER_APPICON_NAME = AppIcon;
				CLANG_ANALYZER_NONNULL = YES;
				CLANG_CXX_LANGUAGE_STANDARD = "gnu++0x";
				CLANG_CXX_LIBRARY = "libc++";
				"CODE_SIGN_IDENTITY[sdk=iphoneos*]" = "iPhone Developer";
				COPY_PHASE_STRIP = NO;
				DEBUG_INFORMATION_FORMAT = "dwarf-with-dsym";
				DEVELOPMENT_TEAM = VMGRRW6SG7;
				FRAMEWORK_SEARCH_PATHS = (
					"$(inherited)",
					"$(PROJECT_DIR)/Carthage/Build/iOS",
				);
				GCC_NO_COMMON_BLOCKS = YES;
				INFOPLIST_FILE = Demo/Info.plist;
				IPHONEOS_DEPLOYMENT_TARGET = 8.0;
				LD_RUNPATH_SEARCH_PATHS = "$(inherited) @executable_path/Frameworks";
				PRODUCT_BUNDLE_IDENTIFIER = "ch.srgssr.SRGMediaPlayer-demo";
				PRODUCT_NAME = "$(TARGET_NAME)";
			};
			name = Release;
		};
		E69A1FDA1D61C6830064E6C1 /* Debug */ = {
			isa = XCBuildConfiguration;
			buildSettings = {
				CLANG_ANALYZER_NONNULL = YES;
				CLANG_CXX_LANGUAGE_STANDARD = "gnu++0x";
				CLANG_CXX_LIBRARY = "libc++";
				"CODE_SIGN_IDENTITY[sdk=iphoneos*]" = "iPhone Developer";
				DEBUG_INFORMATION_FORMAT = dwarf;
				FRAMEWORK_SEARCH_PATHS = (
					"$(inherited)",
					"$(PROJECT_DIR)/Carthage/Build/iOS",
				);
				GCC_DYNAMIC_NO_PIC = NO;
				GCC_NO_COMMON_BLOCKS = YES;
				GCC_PREPROCESSOR_DEFINITIONS = (
					"DEBUG=1",
					"$(inherited)",
				);
				INFOPLIST_FILE = Tests/Info.plist;
				LD_RUNPATH_SEARCH_PATHS = "$(inherited) @executable_path/Frameworks @loader_path/Frameworks";
				PRODUCT_BUNDLE_IDENTIFIER = "ch.srgssr.SRGMediaPlayer-tests";
				PRODUCT_NAME = "$(TARGET_NAME)";
			};
			name = Debug;
		};
		E69A1FDB1D61C6830064E6C1 /* Release */ = {
			isa = XCBuildConfiguration;
			buildSettings = {
				CLANG_ANALYZER_NONNULL = YES;
				CLANG_CXX_LANGUAGE_STANDARD = "gnu++0x";
				CLANG_CXX_LIBRARY = "libc++";
				"CODE_SIGN_IDENTITY[sdk=iphoneos*]" = "iPhone Developer";
				COPY_PHASE_STRIP = NO;
				DEBUG_INFORMATION_FORMAT = "dwarf-with-dsym";
				FRAMEWORK_SEARCH_PATHS = (
					"$(inherited)",
					"$(PROJECT_DIR)/Carthage/Build/iOS",
				);
				GCC_NO_COMMON_BLOCKS = YES;
				INFOPLIST_FILE = Tests/Info.plist;
				LD_RUNPATH_SEARCH_PATHS = "$(inherited) @executable_path/Frameworks @loader_path/Frameworks";
				PRODUCT_BUNDLE_IDENTIFIER = "ch.srgssr.SRGMediaPlayer-tests";
				PRODUCT_NAME = "$(TARGET_NAME)";
			};
			name = Release;
		};
/* End XCBuildConfiguration section */

/* Begin XCConfigurationList section */
		C201D8F01A9DC1A40016C629 /* Build configuration list for PBXProject "SRGMediaPlayer" */ = {
			isa = XCConfigurationList;
			buildConfigurations = (
				C201D9071A9DC1A40016C629 /* Debug */,
				C201D9081A9DC1A40016C629 /* Release */,
			);
			defaultConfigurationIsVisible = 0;
			defaultConfigurationName = Release;
		};
		E69A1DAE1D61B9380064E6C1 /* Build configuration list for PBXNativeTarget "SRGMediaPlayer" */ = {
			isa = XCConfigurationList;
			buildConfigurations = (
				E69A1DAF1D61B9380064E6C1 /* Debug */,
				E69A1DB01D61B9380064E6C1 /* Release */,
			);
			defaultConfigurationIsVisible = 0;
			defaultConfigurationName = Release;
		};
		E69A1E7B1D61BEFC0064E6C1 /* Build configuration list for PBXNativeTarget "SRGMediaPlayer-demo" */ = {
			isa = XCConfigurationList;
			buildConfigurations = (
				E69A1E7C1D61BEFC0064E6C1 /* Debug */,
				E69A1E7D1D61BEFC0064E6C1 /* Release */,
			);
			defaultConfigurationIsVisible = 0;
			defaultConfigurationName = Release;
		};
		E69A1FD91D61C6830064E6C1 /* Build configuration list for PBXNativeTarget "SRGMediaPlayer-tests" */ = {
			isa = XCConfigurationList;
			buildConfigurations = (
				E69A1FDA1D61C6830064E6C1 /* Debug */,
				E69A1FDB1D61C6830064E6C1 /* Release */,
			);
			defaultConfigurationIsVisible = 0;
			defaultConfigurationName = Release;
		};
/* End XCConfigurationList section */
	};
	rootObject = C201D8ED1A9DC1A40016C629 /* Project object */;
}
